
Microsoft Visual Studio Solution File, Format Version 12.00
# Visual Studio Version 17
VisualStudioVersion = 17.7.34031.279
MinimumVisualStudioVersion = 10.0.40219.1
Project("{2150E333-8FDC-42A3-9474-1A3956D46DE8}") = "Platforms", "Platforms", "{F07FB43C-7EB1-4116-876A-20267C5CDB10}"
EndProject
Project("{2150E333-8FDC-42A3-9474-1A3956D46DE8}") = "Tests", "Tests", "{697D41A2-8855-4A8A-9E8C-EC0C09F17C33}"
EndProject
Project("{9A19103F-16F7-4668-BE54-9A1E7A4F7556}") = "Celbridge.Tests", "Celbridge\Celbridge.Tests\Celbridge.Tests.csproj", "{4335A4E9-5B7E-4D84-A9C2-F34BFFFA0D6A}"
EndProject
Project("{9A19103F-16F7-4668-BE54-9A1E7A4F7556}") = "Celbridge.Base", "Celbridge\Celbridge.Base\Celbridge.Base.csproj", "{0D386256-97F5-45F1-B3AA-2B837101568E}"
EndProject
Project("{9A19103F-16F7-4668-BE54-9A1E7A4F7556}") = "Celbridge.Windows", "Celbridge\Celbridge.Windows\Celbridge.Windows.csproj", "{D8B27352-9A6A-4F1D-8276-21A5537AE6A0}"
EndProject
Project("{9A19103F-16F7-4668-BE54-9A1E7A4F7556}") = "Celbridge.Skia.Gtk", "Celbridge\Celbridge.Skia.Gtk\Celbridge.Skia.Gtk.csproj", "{CB2861BF-B16F-4E69-A1EB-AD7A66E7AF8A}"
EndProject
Project("{2150E333-8FDC-42A3-9474-1A3956D46DE8}") = "Solution Items", "Solution Items", "{90BE1957-B042-46A9-8253-DFDDE8AE4B34}"
	ProjectSection(SolutionItems) = preProject
		Celbridge\.gitignore = Celbridge\.gitignore
		Celbridge\Directory.Build.props = Celbridge\Directory.Build.props
		Celbridge\Directory.Build.targets = Celbridge\Directory.Build.targets
		Celbridge\Directory.Packages.props = Celbridge\Directory.Packages.props
		Celbridge\solution-config.props.sample = Celbridge\solution-config.props.sample
	EndProjectSection
EndProject
Project("{2150E333-8FDC-42A3-9474-1A3956D46DE8}") = "Projects", "Projects", "{86258219-BA11-4966-8ACC-D08C896037BA}"
EndProject
Project("{9A19103F-16F7-4668-BE54-9A1E7A4F7556}") = "Celbridge.MainApplication", "Celbridge\Celbridge.MainApplication\Celbridge.MainApplication.csproj", "{823E97C5-A645-46A9-9E03-62986858FE03}"
EndProject
Project("{9A19103F-16F7-4668-BE54-9A1E7A4F7556}") = "Celbridge.Legacy", "Celbridge\Celbridge.Legacy\Celbridge.Legacy.csproj", "{7995F2E9-F195-4C10-89B6-24734F97A58D}"
EndProject
Project("{9A19103F-16F7-4668-BE54-9A1E7A4F7556}") = "Celbridge.BaseLibrary", "Celbridge\Celbridge.BaseLibrary\Celbridge.BaseLibrary.csproj", "{29511AD5-08AE-4155-96B9-4B6CA64F4529}"
EndProject
Project("{9A19103F-16F7-4668-BE54-9A1E7A4F7556}") = "Celbridge.UIComponents", "Celbridge\Celbridge.UIComponents\Celbridge.UIComponents.csproj", "{98945DA6-CD98-44B5-918B-614293D407DD}"
EndProject
Project("{9A19103F-16F7-4668-BE54-9A1E7A4F7556}") = "Celbridge.CommonServices", "Celbridge\Celbridge.CommonServices\Celbridge.CommonServices.csproj", "{E89EE7A8-0FD5-4810-8D0D-5AA18DF77302}"
EndProject
Project("{FAE04EC0-301F-11D3-BF4B-00C04F79EFBC}") = "Celbridge.DIContainer", "Celbridge\Celbridge.DIContainer\Celbridge.DIContainer.csproj", "{4B104CC4-D795-4F96-81E4-B2CBE9020686}"
EndProject
Project("{FAE04EC0-301F-11D3-BF4B-00C04F79EFBC}") = "Celbridge.CoreExtensions", "Celbridge\Celbridge.CoreExtensions\Celbridge.CoreExtensions.csproj", "{18E2F342-91E8-4B58-A442-DDC6FBBC4770}"
EndProject
Global
	GlobalSection(SolutionConfigurationPlatforms) = preSolution
		Debug|Any CPU = Debug|Any CPU
		Debug|arm64 = Debug|arm64
		Debug|x64 = Debug|x64
		Debug|x86 = Debug|x86
		Release|Any CPU = Release|Any CPU
		Release|arm64 = Release|arm64
		Release|x64 = Release|x64
		Release|x86 = Release|x86
	EndGlobalSection
	GlobalSection(ProjectConfigurationPlatforms) = postSolution
		{4335A4E9-5B7E-4D84-A9C2-F34BFFFA0D6A}.Debug|Any CPU.ActiveCfg = Debug|Any CPU
		{4335A4E9-5B7E-4D84-A9C2-F34BFFFA0D6A}.Debug|Any CPU.Build.0 = Debug|Any CPU
		{4335A4E9-5B7E-4D84-A9C2-F34BFFFA0D6A}.Debug|arm64.ActiveCfg = Debug|Any CPU
		{4335A4E9-5B7E-4D84-A9C2-F34BFFFA0D6A}.Debug|arm64.Build.0 = Debug|Any CPU
		{4335A4E9-5B7E-4D84-A9C2-F34BFFFA0D6A}.Debug|x64.ActiveCfg = Debug|Any CPU
		{4335A4E9-5B7E-4D84-A9C2-F34BFFFA0D6A}.Debug|x64.Build.0 = Debug|Any CPU
		{4335A4E9-5B7E-4D84-A9C2-F34BFFFA0D6A}.Debug|x86.ActiveCfg = Debug|Any CPU
		{4335A4E9-5B7E-4D84-A9C2-F34BFFFA0D6A}.Debug|x86.Build.0 = Debug|Any CPU
		{4335A4E9-5B7E-4D84-A9C2-F34BFFFA0D6A}.Release|Any CPU.ActiveCfg = Release|Any CPU
		{4335A4E9-5B7E-4D84-A9C2-F34BFFFA0D6A}.Release|Any CPU.Build.0 = Release|Any CPU
		{4335A4E9-5B7E-4D84-A9C2-F34BFFFA0D6A}.Release|arm64.ActiveCfg = Release|Any CPU
		{4335A4E9-5B7E-4D84-A9C2-F34BFFFA0D6A}.Release|arm64.Build.0 = Release|Any CPU
		{4335A4E9-5B7E-4D84-A9C2-F34BFFFA0D6A}.Release|x64.ActiveCfg = Release|Any CPU
		{4335A4E9-5B7E-4D84-A9C2-F34BFFFA0D6A}.Release|x64.Build.0 = Release|Any CPU
		{4335A4E9-5B7E-4D84-A9C2-F34BFFFA0D6A}.Release|x86.ActiveCfg = Release|Any CPU
		{4335A4E9-5B7E-4D84-A9C2-F34BFFFA0D6A}.Release|x86.Build.0 = Release|Any CPU
		{0D386256-97F5-45F1-B3AA-2B837101568E}.Debug|Any CPU.ActiveCfg = Debug|Any CPU
		{0D386256-97F5-45F1-B3AA-2B837101568E}.Debug|Any CPU.Build.0 = Debug|Any CPU
		{0D386256-97F5-45F1-B3AA-2B837101568E}.Debug|arm64.ActiveCfg = Debug|Any CPU
		{0D386256-97F5-45F1-B3AA-2B837101568E}.Debug|arm64.Build.0 = Debug|Any CPU
		{0D386256-97F5-45F1-B3AA-2B837101568E}.Debug|x64.ActiveCfg = Debug|Any CPU
		{0D386256-97F5-45F1-B3AA-2B837101568E}.Debug|x64.Build.0 = Debug|Any CPU
		{0D386256-97F5-45F1-B3AA-2B837101568E}.Debug|x86.ActiveCfg = Debug|Any CPU
		{0D386256-97F5-45F1-B3AA-2B837101568E}.Debug|x86.Build.0 = Debug|Any CPU
		{0D386256-97F5-45F1-B3AA-2B837101568E}.Release|Any CPU.ActiveCfg = Release|Any CPU
		{0D386256-97F5-45F1-B3AA-2B837101568E}.Release|Any CPU.Build.0 = Release|Any CPU
		{0D386256-97F5-45F1-B3AA-2B837101568E}.Release|arm64.ActiveCfg = Release|Any CPU
		{0D386256-97F5-45F1-B3AA-2B837101568E}.Release|arm64.Build.0 = Release|Any CPU
		{0D386256-97F5-45F1-B3AA-2B837101568E}.Release|x64.ActiveCfg = Release|Any CPU
		{0D386256-97F5-45F1-B3AA-2B837101568E}.Release|x64.Build.0 = Release|Any CPU
		{0D386256-97F5-45F1-B3AA-2B837101568E}.Release|x86.ActiveCfg = Release|Any CPU
		{0D386256-97F5-45F1-B3AA-2B837101568E}.Release|x86.Build.0 = Release|Any CPU
		{D8B27352-9A6A-4F1D-8276-21A5537AE6A0}.Debug|Any CPU.ActiveCfg = Debug|x64
		{D8B27352-9A6A-4F1D-8276-21A5537AE6A0}.Debug|Any CPU.Build.0 = Debug|x64
		{D8B27352-9A6A-4F1D-8276-21A5537AE6A0}.Debug|Any CPU.Deploy.0 = Debug|x64
		{D8B27352-9A6A-4F1D-8276-21A5537AE6A0}.Debug|arm64.ActiveCfg = Debug|arm64
		{D8B27352-9A6A-4F1D-8276-21A5537AE6A0}.Debug|arm64.Build.0 = Debug|arm64
		{D8B27352-9A6A-4F1D-8276-21A5537AE6A0}.Debug|arm64.Deploy.0 = Debug|arm64
		{D8B27352-9A6A-4F1D-8276-21A5537AE6A0}.Debug|x64.ActiveCfg = Debug|x64
		{D8B27352-9A6A-4F1D-8276-21A5537AE6A0}.Debug|x64.Build.0 = Debug|x64
		{D8B27352-9A6A-4F1D-8276-21A5537AE6A0}.Debug|x64.Deploy.0 = Debug|x64
		{D8B27352-9A6A-4F1D-8276-21A5537AE6A0}.Debug|x86.ActiveCfg = Debug|x86
		{D8B27352-9A6A-4F1D-8276-21A5537AE6A0}.Debug|x86.Build.0 = Debug|x86
		{D8B27352-9A6A-4F1D-8276-21A5537AE6A0}.Debug|x86.Deploy.0 = Debug|x86
		{D8B27352-9A6A-4F1D-8276-21A5537AE6A0}.Release|Any CPU.ActiveCfg = Release|x64
		{D8B27352-9A6A-4F1D-8276-21A5537AE6A0}.Release|Any CPU.Build.0 = Release|x64
		{D8B27352-9A6A-4F1D-8276-21A5537AE6A0}.Release|Any CPU.Deploy.0 = Release|x64
		{D8B27352-9A6A-4F1D-8276-21A5537AE6A0}.Release|arm64.ActiveCfg = Release|arm64
		{D8B27352-9A6A-4F1D-8276-21A5537AE6A0}.Release|arm64.Build.0 = Release|arm64
		{D8B27352-9A6A-4F1D-8276-21A5537AE6A0}.Release|arm64.Deploy.0 = Release|arm64
		{D8B27352-9A6A-4F1D-8276-21A5537AE6A0}.Release|x64.ActiveCfg = Release|x64
		{D8B27352-9A6A-4F1D-8276-21A5537AE6A0}.Release|x64.Build.0 = Release|x64
		{D8B27352-9A6A-4F1D-8276-21A5537AE6A0}.Release|x64.Deploy.0 = Release|x64
		{D8B27352-9A6A-4F1D-8276-21A5537AE6A0}.Release|x86.ActiveCfg = Release|x86
		{D8B27352-9A6A-4F1D-8276-21A5537AE6A0}.Release|x86.Build.0 = Release|x86
		{D8B27352-9A6A-4F1D-8276-21A5537AE6A0}.Release|x86.Deploy.0 = Release|x86
		{CB2861BF-B16F-4E69-A1EB-AD7A66E7AF8A}.Debug|Any CPU.ActiveCfg = Debug|Any CPU
		{CB2861BF-B16F-4E69-A1EB-AD7A66E7AF8A}.Debug|Any CPU.Build.0 = Debug|Any CPU
		{CB2861BF-B16F-4E69-A1EB-AD7A66E7AF8A}.Debug|arm64.ActiveCfg = Debug|Any CPU
		{CB2861BF-B16F-4E69-A1EB-AD7A66E7AF8A}.Debug|arm64.Build.0 = Debug|Any CPU
		{CB2861BF-B16F-4E69-A1EB-AD7A66E7AF8A}.Debug|x64.ActiveCfg = Debug|Any CPU
		{CB2861BF-B16F-4E69-A1EB-AD7A66E7AF8A}.Debug|x64.Build.0 = Debug|Any CPU
		{CB2861BF-B16F-4E69-A1EB-AD7A66E7AF8A}.Debug|x86.ActiveCfg = Debug|Any CPU
		{CB2861BF-B16F-4E69-A1EB-AD7A66E7AF8A}.Debug|x86.Build.0 = Debug|Any CPU
		{CB2861BF-B16F-4E69-A1EB-AD7A66E7AF8A}.Release|Any CPU.ActiveCfg = Release|Any CPU
		{CB2861BF-B16F-4E69-A1EB-AD7A66E7AF8A}.Release|Any CPU.Build.0 = Release|Any CPU
		{CB2861BF-B16F-4E69-A1EB-AD7A66E7AF8A}.Release|arm64.ActiveCfg = Release|Any CPU
		{CB2861BF-B16F-4E69-A1EB-AD7A66E7AF8A}.Release|arm64.Build.0 = Release|Any CPU
		{CB2861BF-B16F-4E69-A1EB-AD7A66E7AF8A}.Release|x64.ActiveCfg = Release|Any CPU
		{CB2861BF-B16F-4E69-A1EB-AD7A66E7AF8A}.Release|x64.Build.0 = Release|Any CPU
		{CB2861BF-B16F-4E69-A1EB-AD7A66E7AF8A}.Release|x86.ActiveCfg = Release|Any CPU
		{CB2861BF-B16F-4E69-A1EB-AD7A66E7AF8A}.Release|x86.Build.0 = Release|Any CPU
		{823E97C5-A645-46A9-9E03-62986858FE03}.Debug|Any CPU.ActiveCfg = Debug|Any CPU
		{823E97C5-A645-46A9-9E03-62986858FE03}.Debug|Any CPU.Build.0 = Debug|Any CPU
		{823E97C5-A645-46A9-9E03-62986858FE03}.Debug|arm64.ActiveCfg = Debug|Any CPU
		{823E97C5-A645-46A9-9E03-62986858FE03}.Debug|arm64.Build.0 = Debug|Any CPU
		{823E97C5-A645-46A9-9E03-62986858FE03}.Debug|x64.ActiveCfg = Debug|Any CPU
		{823E97C5-A645-46A9-9E03-62986858FE03}.Debug|x64.Build.0 = Debug|Any CPU
		{823E97C5-A645-46A9-9E03-62986858FE03}.Debug|x86.ActiveCfg = Debug|Any CPU
		{823E97C5-A645-46A9-9E03-62986858FE03}.Debug|x86.Build.0 = Debug|Any CPU
		{823E97C5-A645-46A9-9E03-62986858FE03}.Release|Any CPU.ActiveCfg = Release|Any CPU
		{823E97C5-A645-46A9-9E03-62986858FE03}.Release|Any CPU.Build.0 = Release|Any CPU
		{823E97C5-A645-46A9-9E03-62986858FE03}.Release|arm64.ActiveCfg = Release|Any CPU
		{823E97C5-A645-46A9-9E03-62986858FE03}.Release|arm64.Build.0 = Release|Any CPU
		{823E97C5-A645-46A9-9E03-62986858FE03}.Release|x64.ActiveCfg = Release|Any CPU
		{823E97C5-A645-46A9-9E03-62986858FE03}.Release|x64.Build.0 = Release|Any CPU
		{823E97C5-A645-46A9-9E03-62986858FE03}.Release|x86.ActiveCfg = Release|Any CPU
		{823E97C5-A645-46A9-9E03-62986858FE03}.Release|x86.Build.0 = Release|Any CPU
		{7995F2E9-F195-4C10-89B6-24734F97A58D}.Debug|Any CPU.ActiveCfg = Debug|Any CPU
		{7995F2E9-F195-4C10-89B6-24734F97A58D}.Debug|Any CPU.Build.0 = Debug|Any CPU
		{7995F2E9-F195-4C10-89B6-24734F97A58D}.Debug|arm64.ActiveCfg = Debug|Any CPU
		{7995F2E9-F195-4C10-89B6-24734F97A58D}.Debug|arm64.Build.0 = Debug|Any CPU
		{7995F2E9-F195-4C10-89B6-24734F97A58D}.Debug|x64.ActiveCfg = Debug|Any CPU
		{7995F2E9-F195-4C10-89B6-24734F97A58D}.Debug|x64.Build.0 = Debug|Any CPU
		{7995F2E9-F195-4C10-89B6-24734F97A58D}.Debug|x86.ActiveCfg = Debug|Any CPU
		{7995F2E9-F195-4C10-89B6-24734F97A58D}.Debug|x86.Build.0 = Debug|Any CPU
		{7995F2E9-F195-4C10-89B6-24734F97A58D}.Release|Any CPU.ActiveCfg = Release|Any CPU
		{7995F2E9-F195-4C10-89B6-24734F97A58D}.Release|Any CPU.Build.0 = Release|Any CPU
		{7995F2E9-F195-4C10-89B6-24734F97A58D}.Release|arm64.ActiveCfg = Release|Any CPU
		{7995F2E9-F195-4C10-89B6-24734F97A58D}.Release|arm64.Build.0 = Release|Any CPU
		{7995F2E9-F195-4C10-89B6-24734F97A58D}.Release|x64.ActiveCfg = Release|Any CPU
		{7995F2E9-F195-4C10-89B6-24734F97A58D}.Release|x64.Build.0 = Release|Any CPU
		{7995F2E9-F195-4C10-89B6-24734F97A58D}.Release|x86.ActiveCfg = Release|Any CPU
		{7995F2E9-F195-4C10-89B6-24734F97A58D}.Release|x86.Build.0 = Release|Any CPU
		{29511AD5-08AE-4155-96B9-4B6CA64F4529}.Debug|Any CPU.ActiveCfg = Debug|Any CPU
		{29511AD5-08AE-4155-96B9-4B6CA64F4529}.Debug|Any CPU.Build.0 = Debug|Any CPU
		{29511AD5-08AE-4155-96B9-4B6CA64F4529}.Debug|arm64.ActiveCfg = Debug|Any CPU
		{29511AD5-08AE-4155-96B9-4B6CA64F4529}.Debug|arm64.Build.0 = Debug|Any CPU
		{29511AD5-08AE-4155-96B9-4B6CA64F4529}.Debug|x64.ActiveCfg = Debug|Any CPU
		{29511AD5-08AE-4155-96B9-4B6CA64F4529}.Debug|x64.Build.0 = Debug|Any CPU
		{29511AD5-08AE-4155-96B9-4B6CA64F4529}.Debug|x86.ActiveCfg = Debug|Any CPU
		{29511AD5-08AE-4155-96B9-4B6CA64F4529}.Debug|x86.Build.0 = Debug|Any CPU
		{29511AD5-08AE-4155-96B9-4B6CA64F4529}.Release|Any CPU.ActiveCfg = Release|Any CPU
		{29511AD5-08AE-4155-96B9-4B6CA64F4529}.Release|Any CPU.Build.0 = Release|Any CPU
		{29511AD5-08AE-4155-96B9-4B6CA64F4529}.Release|arm64.ActiveCfg = Release|Any CPU
		{29511AD5-08AE-4155-96B9-4B6CA64F4529}.Release|arm64.Build.0 = Release|Any CPU
		{29511AD5-08AE-4155-96B9-4B6CA64F4529}.Release|x64.ActiveCfg = Release|Any CPU
		{29511AD5-08AE-4155-96B9-4B6CA64F4529}.Release|x64.Build.0 = Release|Any CPU
		{29511AD5-08AE-4155-96B9-4B6CA64F4529}.Release|x86.ActiveCfg = Release|Any CPU
		{29511AD5-08AE-4155-96B9-4B6CA64F4529}.Release|x86.Build.0 = Release|Any CPU
		{98945DA6-CD98-44B5-918B-614293D407DD}.Debug|Any CPU.ActiveCfg = Debug|Any CPU
		{98945DA6-CD98-44B5-918B-614293D407DD}.Debug|Any CPU.Build.0 = Debug|Any CPU
		{98945DA6-CD98-44B5-918B-614293D407DD}.Debug|arm64.ActiveCfg = Debug|Any CPU
		{98945DA6-CD98-44B5-918B-614293D407DD}.Debug|arm64.Build.0 = Debug|Any CPU
		{98945DA6-CD98-44B5-918B-614293D407DD}.Debug|x64.ActiveCfg = Debug|Any CPU
		{98945DA6-CD98-44B5-918B-614293D407DD}.Debug|x64.Build.0 = Debug|Any CPU
		{98945DA6-CD98-44B5-918B-614293D407DD}.Debug|x86.ActiveCfg = Debug|Any CPU
		{98945DA6-CD98-44B5-918B-614293D407DD}.Debug|x86.Build.0 = Debug|Any CPU
		{98945DA6-CD98-44B5-918B-614293D407DD}.Release|Any CPU.ActiveCfg = Release|Any CPU
		{98945DA6-CD98-44B5-918B-614293D407DD}.Release|Any CPU.Build.0 = Release|Any CPU
		{98945DA6-CD98-44B5-918B-614293D407DD}.Release|arm64.ActiveCfg = Release|Any CPU
		{98945DA6-CD98-44B5-918B-614293D407DD}.Release|arm64.Build.0 = Release|Any CPU
		{98945DA6-CD98-44B5-918B-614293D407DD}.Release|x64.ActiveCfg = Release|Any CPU
		{98945DA6-CD98-44B5-918B-614293D407DD}.Release|x64.Build.0 = Release|Any CPU
		{98945DA6-CD98-44B5-918B-614293D407DD}.Release|x86.ActiveCfg = Release|Any CPU
		{98945DA6-CD98-44B5-918B-614293D407DD}.Release|x86.Build.0 = Release|Any CPU
		{E89EE7A8-0FD5-4810-8D0D-5AA18DF77302}.Debug|Any CPU.ActiveCfg = Debug|Any CPU
		{E89EE7A8-0FD5-4810-8D0D-5AA18DF77302}.Debug|Any CPU.Build.0 = Debug|Any CPU
		{E89EE7A8-0FD5-4810-8D0D-5AA18DF77302}.Debug|arm64.ActiveCfg = Debug|Any CPU
		{E89EE7A8-0FD5-4810-8D0D-5AA18DF77302}.Debug|arm64.Build.0 = Debug|Any CPU
		{E89EE7A8-0FD5-4810-8D0D-5AA18DF77302}.Debug|x64.ActiveCfg = Debug|Any CPU
		{E89EE7A8-0FD5-4810-8D0D-5AA18DF77302}.Debug|x64.Build.0 = Debug|Any CPU
		{E89EE7A8-0FD5-4810-8D0D-5AA18DF77302}.Debug|x86.ActiveCfg = Debug|Any CPU
		{E89EE7A8-0FD5-4810-8D0D-5AA18DF77302}.Debug|x86.Build.0 = Debug|Any CPU
		{E89EE7A8-0FD5-4810-8D0D-5AA18DF77302}.Release|Any CPU.ActiveCfg = Release|Any CPU
		{E89EE7A8-0FD5-4810-8D0D-5AA18DF77302}.Release|Any CPU.Build.0 = Release|Any CPU
		{E89EE7A8-0FD5-4810-8D0D-5AA18DF77302}.Release|arm64.ActiveCfg = Release|Any CPU
		{E89EE7A8-0FD5-4810-8D0D-5AA18DF77302}.Release|arm64.Build.0 = Release|Any CPU
		{E89EE7A8-0FD5-4810-8D0D-5AA18DF77302}.Release|x64.ActiveCfg = Release|Any CPU
		{E89EE7A8-0FD5-4810-8D0D-5AA18DF77302}.Release|x64.Build.0 = Release|Any CPU
		{E89EE7A8-0FD5-4810-8D0D-5AA18DF77302}.Release|x86.ActiveCfg = Release|Any CPU
		{E89EE7A8-0FD5-4810-8D0D-5AA18DF77302}.Release|x86.Build.0 = Release|Any CPU
		{4B104CC4-D795-4F96-81E4-B2CBE9020686}.Debug|Any CPU.ActiveCfg = Debug|Any CPU
		{4B104CC4-D795-4F96-81E4-B2CBE9020686}.Debug|Any CPU.Build.0 = Debug|Any CPU
		{4B104CC4-D795-4F96-81E4-B2CBE9020686}.Debug|arm64.ActiveCfg = Debug|Any CPU
		{4B104CC4-D795-4F96-81E4-B2CBE9020686}.Debug|arm64.Build.0 = Debug|Any CPU
		{4B104CC4-D795-4F96-81E4-B2CBE9020686}.Debug|x64.ActiveCfg = Debug|Any CPU
		{4B104CC4-D795-4F96-81E4-B2CBE9020686}.Debug|x64.Build.0 = Debug|Any CPU
		{4B104CC4-D795-4F96-81E4-B2CBE9020686}.Debug|x86.ActiveCfg = Debug|Any CPU
		{4B104CC4-D795-4F96-81E4-B2CBE9020686}.Debug|x86.Build.0 = Debug|Any CPU
		{4B104CC4-D795-4F96-81E4-B2CBE9020686}.Release|Any CPU.ActiveCfg = Release|Any CPU
		{4B104CC4-D795-4F96-81E4-B2CBE9020686}.Release|Any CPU.Build.0 = Release|Any CPU
		{4B104CC4-D795-4F96-81E4-B2CBE9020686}.Release|arm64.ActiveCfg = Release|Any CPU
		{4B104CC4-D795-4F96-81E4-B2CBE9020686}.Release|arm64.Build.0 = Release|Any CPU
		{4B104CC4-D795-4F96-81E4-B2CBE9020686}.Release|x64.ActiveCfg = Release|Any CPU
		{4B104CC4-D795-4F96-81E4-B2CBE9020686}.Release|x64.Build.0 = Release|Any CPU
		{4B104CC4-D795-4F96-81E4-B2CBE9020686}.Release|x86.ActiveCfg = Release|Any CPU
		{4B104CC4-D795-4F96-81E4-B2CBE9020686}.Release|x86.Build.0 = Release|Any CPU
		{18E2F342-91E8-4B58-A442-DDC6FBBC4770}.Debug|Any CPU.ActiveCfg = Debug|Any CPU
		{18E2F342-91E8-4B58-A442-DDC6FBBC4770}.Debug|Any CPU.Build.0 = Debug|Any CPU
		{18E2F342-91E8-4B58-A442-DDC6FBBC4770}.Debug|arm64.ActiveCfg = Debug|Any CPU
		{18E2F342-91E8-4B58-A442-DDC6FBBC4770}.Debug|arm64.Build.0 = Debug|Any CPU
		{18E2F342-91E8-4B58-A442-DDC6FBBC4770}.Debug|x64.ActiveCfg = Debug|Any CPU
		{18E2F342-91E8-4B58-A442-DDC6FBBC4770}.Debug|x64.Build.0 = Debug|Any CPU
		{18E2F342-91E8-4B58-A442-DDC6FBBC4770}.Debug|x86.ActiveCfg = Debug|Any CPU
		{18E2F342-91E8-4B58-A442-DDC6FBBC4770}.Debug|x86.Build.0 = Debug|Any CPU
		{18E2F342-91E8-4B58-A442-DDC6FBBC4770}.Release|Any CPU.ActiveCfg = Release|Any CPU
		{18E2F342-91E8-4B58-A442-DDC6FBBC4770}.Release|Any CPU.Build.0 = Release|Any CPU
		{18E2F342-91E8-4B58-A442-DDC6FBBC4770}.Release|arm64.ActiveCfg = Release|Any CPU
		{18E2F342-91E8-4B58-A442-DDC6FBBC4770}.Release|arm64.Build.0 = Release|Any CPU
		{18E2F342-91E8-4B58-A442-DDC6FBBC4770}.Release|x64.ActiveCfg = Release|Any CPU
		{18E2F342-91E8-4B58-A442-DDC6FBBC4770}.Release|x64.Build.0 = Release|Any CPU
		{18E2F342-91E8-4B58-A442-DDC6FBBC4770}.Release|x86.ActiveCfg = Release|Any CPU
		{18E2F342-91E8-4B58-A442-DDC6FBBC4770}.Release|x86.Build.0 = Release|Any CPU
	EndGlobalSection
	GlobalSection(SolutionProperties) = preSolution
		HideSolutionNode = FALSE
	EndGlobalSection
	GlobalSection(NestedProjects) = preSolution
		{F07FB43C-7EB1-4116-876A-20267C5CDB10} = {86258219-BA11-4966-8ACC-D08C896037BA}
		{4335A4E9-5B7E-4D84-A9C2-F34BFFFA0D6A} = {697D41A2-8855-4A8A-9E8C-EC0C09F17C33}
		{0D386256-97F5-45F1-B3AA-2B837101568E} = {F07FB43C-7EB1-4116-876A-20267C5CDB10}
		{D8B27352-9A6A-4F1D-8276-21A5537AE6A0} = {F07FB43C-7EB1-4116-876A-20267C5CDB10}
		{CB2861BF-B16F-4E69-A1EB-AD7A66E7AF8A} = {F07FB43C-7EB1-4116-876A-20267C5CDB10}
		{823E97C5-A645-46A9-9E03-62986858FE03} = {86258219-BA11-4966-8ACC-D08C896037BA}
		{7995F2E9-F195-4C10-89B6-24734F97A58D} = {86258219-BA11-4966-8ACC-D08C896037BA}
		{29511AD5-08AE-4155-96B9-4B6CA64F4529} = {86258219-BA11-4966-8ACC-D08C896037BA}
		{98945DA6-CD98-44B5-918B-614293D407DD} = {86258219-BA11-4966-8ACC-D08C896037BA}
		{E89EE7A8-0FD5-4810-8D0D-5AA18DF77302} = {86258219-BA11-4966-8ACC-D08C896037BA}
		{4B104CC4-D795-4F96-81E4-B2CBE9020686} = {86258219-BA11-4966-8ACC-D08C896037BA}
		{18E2F342-91E8-4B58-A442-DDC6FBBC4770} = {86258219-BA11-4966-8ACC-D08C896037BA}
	EndGlobalSection
	GlobalSection(ExtensibilityGlobals) = postSolution
		SolutionGuid = {A6836F12-B3A5-413B-A5BF-9ECE41139834}
	EndGlobalSection
EndGlobal
