
Microsoft Visual Studio Solution File, Format Version 12.00
# Visual Studio Version 17
VisualStudioVersion = 17.8.34330.188
MinimumVisualStudioVersion = 10.0.40219.1
Project("{2150E333-8FDC-42A3-9474-1A3956D46DE8}") = "Platforms", "Platforms", "{00CDDD2D-1203-45CC-AF20-A4F225B3840A}"
EndProject
Project("{9A19103F-16F7-4668-BE54-9A1E7A4F7556}") = "Celbridge.Tests", "Celbridge.Tests\Celbridge.Tests.csproj", "{C3B7A13A-432B-4AB1-9CC4-28655EB769DD}"
EndProject
Project("{9A19103F-16F7-4668-BE54-9A1E7A4F7556}") = "Celbridge.Skia.Gtk", "Celbridge.Skia.Gtk\Celbridge.Skia.Gtk.csproj", "{47B12570-9DC3-40FB-9A66-5C3A4741DAE3}"
EndProject
Project("{9A19103F-16F7-4668-BE54-9A1E7A4F7556}") = "Celbridge.Windows", "Celbridge.Windows\Celbridge.Windows.csproj", "{9CB54AA0-5202-43FF-BDB3-1184BD830EB7}"
EndProject
Project("{9A19103F-16F7-4668-BE54-9A1E7A4F7556}") = "Celbridge.Shared", "Celbridge.Shared\Celbridge.Shared.csproj", "{9E592BB2-A8E3-43C2-8BF6-AF2F481BC255}"
EndProject
Project("{2150E333-8FDC-42A3-9474-1A3956D46DE8}") = "Solution Items", "Solution Items", "{3FFB22BC-3517-4AEE-9AAB-3F6DD6C620AD}"
	ProjectSection(SolutionItems) = preProject
		.gitignore = .gitignore
		Directory.Build.props = Directory.Build.props
		Directory.Build.targets = Directory.Build.targets
		Directory.Packages.props = Directory.Packages.props
		global.json = global.json
		solution-config.props.sample = solution-config.props.sample
	EndProjectSection
EndProject
Project("{9A19103F-16F7-4668-BE54-9A1E7A4F7556}") = "Celbridge.MainApplication", "Celbridge.MainApplication\Celbridge.MainApplication.csproj", "{9FDB3275-F1AB-4EEF-8A4C-6857A383B2B6}"
EndProject
Project("{9A19103F-16F7-4668-BE54-9A1E7A4F7556}") = "Celbridge.BaseLibrary", "Celbridge.BaseLibrary\Celbridge.BaseLibrary.csproj", "{7D6A322A-0FBD-457C-8DB6-5A3BBED85301}"
EndProject
Project("{2150E333-8FDC-42A3-9474-1A3956D46DE8}") = "CoreServices", "CoreServices", "{CB7CB274-7DB6-4269-A605-5C60F9B019E6}"
EndProject
Project("{9A19103F-16F7-4668-BE54-9A1E7A4F7556}") = "Celbridge.Commands", "CoreServices\Celbridge.Commands\Celbridge.Commands.csproj", "{D74EC880-6588-4828-B2F9-8FD2C3847F27}"
EndProject
Project("{9A19103F-16F7-4668-BE54-9A1E7A4F7556}") = "Celbridge.CoreServices", "CoreServices\Celbridge.CoreServices\Celbridge.CoreServices.csproj", "{18822CA2-69B5-4DB1-94BA-1B2F46324A4B}"
EndProject
Project("{9A19103F-16F7-4668-BE54-9A1E7A4F7556}") = "Celbridge.Logging", "CoreServices\Celbridge.Logging\Celbridge.Logging.csproj", "{8DE35CC2-F23A-4D17-BF91-8FD922D5875D}"
EndProject
Project("{9A19103F-16F7-4668-BE54-9A1E7A4F7556}") = "Celbridge.Messaging", "CoreServices\Celbridge.Messaging\Celbridge.Messaging.csproj", "{1E198EC9-7853-441C-856F-F9031183050D}"
EndProject
Project("{9A19103F-16F7-4668-BE54-9A1E7A4F7556}") = "Celbridge.Projects", "CoreServices\Celbridge.Projects\Celbridge.Projects.csproj", "{5BE640F3-3199-415D-B1CE-DD008A69F16E}"
EndProject
Project("{9A19103F-16F7-4668-BE54-9A1E7A4F7556}") = "Celbridge.Settings", "CoreServices\Celbridge.Settings\Celbridge.Settings.csproj", "{9D90160F-15CD-4616-8105-27CF067E2196}"
EndProject
Project("{9A19103F-16F7-4668-BE54-9A1E7A4F7556}") = "Celbridge.Telemetry", "CoreServices\Celbridge.Telemetry\Celbridge.Telemetry.csproj", "{8C18AD9B-FDB6-416B-9B12-75586157141D}"
EndProject
Project("{9A19103F-16F7-4668-BE54-9A1E7A4F7556}") = "Celbridge.UserInterface", "CoreServices\Celbridge.UserInterface\Celbridge.UserInterface.csproj", "{26A03622-E4EE-4C54-975F-6D5DAFD4F8E2}"
EndProject
Project("{9A19103F-16F7-4668-BE54-9A1E7A4F7556}") = "Celbridge.Utilities", "CoreServices\Celbridge.Utilities\Celbridge.Utilities.csproj", "{482C4A52-0CA0-4F07-A967-3B4D6B61E438}"
EndProject
Project("{2150E333-8FDC-42A3-9474-1A3956D46DE8}") = "Extensions", "Extensions", "{27DCB2D4-2584-473F-B656-574129AB56CA}"
EndProject
Project("{2150E333-8FDC-42A3-9474-1A3956D46DE8}") = "Workspace", "Workspace", "{7F12549A-EC94-4B22-BA35-A5F6D9DD4103}"
EndProject
Project("{9A19103F-16F7-4668-BE54-9A1E7A4F7556}") = "Celbridge.Console", "Extensions\Workspace\Celbridge.Console\Celbridge.Console.csproj", "{8487A822-D078-4BA3-9D58-DD3B4700EB9F}"
EndProject
Project("{9A19103F-16F7-4668-BE54-9A1E7A4F7556}") = "Celbridge.Documents", "Extensions\Workspace\Celbridge.Documents\Celbridge.Documents.csproj", "{3CBF1DC1-C72D-44B3-8BA7-924E1A5EC9D9}"
EndProject
Project("{9A19103F-16F7-4668-BE54-9A1E7A4F7556}") = "Celbridge.Explorer", "Extensions\Workspace\Celbridge.Explorer\Celbridge.Explorer.csproj", "{F4FC6712-C437-44EB-90D3-7CD89B96D50D}"
EndProject
Project("{9A19103F-16F7-4668-BE54-9A1E7A4F7556}") = "Celbridge.Inspector", "Extensions\Workspace\Celbridge.Inspector\Celbridge.Inspector.csproj", "{22082A98-77B6-4767-9395-CBE7E4BFA5D0}"
EndProject
Project("{9A19103F-16F7-4668-BE54-9A1E7A4F7556}") = "Celbridge.Scripting", "Extensions\Workspace\Celbridge.Scripting\Celbridge.Scripting.csproj", "{01E41FE2-D40F-4387-ACA8-DEA44E70A623}"
EndProject
Project("{9A19103F-16F7-4668-BE54-9A1E7A4F7556}") = "Celbridge.ScriptUtils", "Extensions\Workspace\Celbridge.ScriptUtils\Celbridge.ScriptUtils.csproj", "{2EABDF27-8C0B-4B6F-B8BE-D58CE9C64BB5}"
EndProject
Project("{9A19103F-16F7-4668-BE54-9A1E7A4F7556}") = "Celbridge.Status", "Extensions\Workspace\Celbridge.Status\Celbridge.Status.csproj", "{920130C3-3572-46D5-9998-5C5125D897E8}"
EndProject
Project("{9A19103F-16F7-4668-BE54-9A1E7A4F7556}") = "Celbridge.Workspace", "Extensions\Workspace\Celbridge.Workspace\Celbridge.Workspace.csproj", "{435FD1F5-A250-4098-8542-9B503ED4E6EC}"
EndProject
Project("{9A19103F-16F7-4668-BE54-9A1E7A4F7556}") = "Celbridge.WorkspaceDependencies", "Extensions\Workspace\Celbridge.WorkspaceDependencies\Celbridge.WorkspaceDependencies.csproj", "{D61CC268-5A01-4439-B9F5-4C9CAC5E0B87}"
EndProject
Global
	GlobalSection(SolutionConfigurationPlatforms) = preSolution
		Debug|Any CPU = Debug|Any CPU
		Debug|arm64 = Debug|arm64
		Debug|x64 = Debug|x64
		Debug|x86 = Debug|x86
		Release|Any CPU = Release|Any CPU
		Release|arm64 = Release|arm64
		Release|x64 = Release|x64
		Release|x86 = Release|x86
	EndGlobalSection
	GlobalSection(ProjectConfigurationPlatforms) = postSolution
		{C3B7A13A-432B-4AB1-9CC4-28655EB769DD}.Debug|Any CPU.ActiveCfg = Debug|Any CPU
		{C3B7A13A-432B-4AB1-9CC4-28655EB769DD}.Debug|Any CPU.Build.0 = Debug|Any CPU
		{C3B7A13A-432B-4AB1-9CC4-28655EB769DD}.Debug|arm64.ActiveCfg = Debug|Any CPU
		{C3B7A13A-432B-4AB1-9CC4-28655EB769DD}.Debug|arm64.Build.0 = Debug|Any CPU
		{C3B7A13A-432B-4AB1-9CC4-28655EB769DD}.Debug|x64.ActiveCfg = Debug|Any CPU
		{C3B7A13A-432B-4AB1-9CC4-28655EB769DD}.Debug|x64.Build.0 = Debug|Any CPU
		{C3B7A13A-432B-4AB1-9CC4-28655EB769DD}.Debug|x86.ActiveCfg = Debug|Any CPU
		{C3B7A13A-432B-4AB1-9CC4-28655EB769DD}.Debug|x86.Build.0 = Debug|Any CPU
		{C3B7A13A-432B-4AB1-9CC4-28655EB769DD}.Release|Any CPU.ActiveCfg = Release|Any CPU
		{C3B7A13A-432B-4AB1-9CC4-28655EB769DD}.Release|Any CPU.Build.0 = Release|Any CPU
		{C3B7A13A-432B-4AB1-9CC4-28655EB769DD}.Release|arm64.ActiveCfg = Release|Any CPU
		{C3B7A13A-432B-4AB1-9CC4-28655EB769DD}.Release|arm64.Build.0 = Release|Any CPU
		{C3B7A13A-432B-4AB1-9CC4-28655EB769DD}.Release|x64.ActiveCfg = Release|Any CPU
		{C3B7A13A-432B-4AB1-9CC4-28655EB769DD}.Release|x64.Build.0 = Release|Any CPU
		{C3B7A13A-432B-4AB1-9CC4-28655EB769DD}.Release|x86.ActiveCfg = Release|Any CPU
		{C3B7A13A-432B-4AB1-9CC4-28655EB769DD}.Release|x86.Build.0 = Release|Any CPU
		{47B12570-9DC3-40FB-9A66-5C3A4741DAE3}.Debug|Any CPU.ActiveCfg = Debug|Any CPU
		{47B12570-9DC3-40FB-9A66-5C3A4741DAE3}.Debug|Any CPU.Build.0 = Debug|Any CPU
		{47B12570-9DC3-40FB-9A66-5C3A4741DAE3}.Debug|arm64.ActiveCfg = Debug|Any CPU
		{47B12570-9DC3-40FB-9A66-5C3A4741DAE3}.Debug|arm64.Build.0 = Debug|Any CPU
		{47B12570-9DC3-40FB-9A66-5C3A4741DAE3}.Debug|x64.ActiveCfg = Debug|Any CPU
		{47B12570-9DC3-40FB-9A66-5C3A4741DAE3}.Debug|x64.Build.0 = Debug|Any CPU
		{47B12570-9DC3-40FB-9A66-5C3A4741DAE3}.Debug|x86.ActiveCfg = Debug|Any CPU
		{47B12570-9DC3-40FB-9A66-5C3A4741DAE3}.Debug|x86.Build.0 = Debug|Any CPU
		{47B12570-9DC3-40FB-9A66-5C3A4741DAE3}.Release|Any CPU.ActiveCfg = Release|Any CPU
		{47B12570-9DC3-40FB-9A66-5C3A4741DAE3}.Release|Any CPU.Build.0 = Release|Any CPU
		{47B12570-9DC3-40FB-9A66-5C3A4741DAE3}.Release|arm64.ActiveCfg = Release|Any CPU
		{47B12570-9DC3-40FB-9A66-5C3A4741DAE3}.Release|arm64.Build.0 = Release|Any CPU
		{47B12570-9DC3-40FB-9A66-5C3A4741DAE3}.Release|x64.ActiveCfg = Release|Any CPU
		{47B12570-9DC3-40FB-9A66-5C3A4741DAE3}.Release|x64.Build.0 = Release|Any CPU
		{47B12570-9DC3-40FB-9A66-5C3A4741DAE3}.Release|x86.ActiveCfg = Release|Any CPU
		{47B12570-9DC3-40FB-9A66-5C3A4741DAE3}.Release|x86.Build.0 = Release|Any CPU
		{9CB54AA0-5202-43FF-BDB3-1184BD830EB7}.Debug|Any CPU.ActiveCfg = Debug|x64
		{9CB54AA0-5202-43FF-BDB3-1184BD830EB7}.Debug|Any CPU.Build.0 = Debug|x64
		{9CB54AA0-5202-43FF-BDB3-1184BD830EB7}.Debug|Any CPU.Deploy.0 = Debug|x64
		{9CB54AA0-5202-43FF-BDB3-1184BD830EB7}.Debug|arm64.ActiveCfg = Debug|arm64
		{9CB54AA0-5202-43FF-BDB3-1184BD830EB7}.Debug|arm64.Build.0 = Debug|arm64
		{9CB54AA0-5202-43FF-BDB3-1184BD830EB7}.Debug|arm64.Deploy.0 = Debug|arm64
		{9CB54AA0-5202-43FF-BDB3-1184BD830EB7}.Debug|x64.ActiveCfg = Debug|x64
		{9CB54AA0-5202-43FF-BDB3-1184BD830EB7}.Debug|x64.Build.0 = Debug|x64
		{9CB54AA0-5202-43FF-BDB3-1184BD830EB7}.Debug|x64.Deploy.0 = Debug|x64
		{9CB54AA0-5202-43FF-BDB3-1184BD830EB7}.Debug|x86.ActiveCfg = Debug|x86
		{9CB54AA0-5202-43FF-BDB3-1184BD830EB7}.Debug|x86.Build.0 = Debug|x86
		{9CB54AA0-5202-43FF-BDB3-1184BD830EB7}.Debug|x86.Deploy.0 = Debug|x86
		{9CB54AA0-5202-43FF-BDB3-1184BD830EB7}.Release|Any CPU.ActiveCfg = Release|x64
		{9CB54AA0-5202-43FF-BDB3-1184BD830EB7}.Release|Any CPU.Build.0 = Release|x64
		{9CB54AA0-5202-43FF-BDB3-1184BD830EB7}.Release|Any CPU.Deploy.0 = Release|x64
		{9CB54AA0-5202-43FF-BDB3-1184BD830EB7}.Release|arm64.ActiveCfg = Release|arm64
		{9CB54AA0-5202-43FF-BDB3-1184BD830EB7}.Release|arm64.Build.0 = Release|arm64
		{9CB54AA0-5202-43FF-BDB3-1184BD830EB7}.Release|arm64.Deploy.0 = Release|arm64
		{9CB54AA0-5202-43FF-BDB3-1184BD830EB7}.Release|x64.ActiveCfg = Release|x64
		{9CB54AA0-5202-43FF-BDB3-1184BD830EB7}.Release|x64.Build.0 = Release|x64
		{9CB54AA0-5202-43FF-BDB3-1184BD830EB7}.Release|x64.Deploy.0 = Release|x64
		{9CB54AA0-5202-43FF-BDB3-1184BD830EB7}.Release|x86.ActiveCfg = Release|x86
		{9CB54AA0-5202-43FF-BDB3-1184BD830EB7}.Release|x86.Build.0 = Release|x86
		{9CB54AA0-5202-43FF-BDB3-1184BD830EB7}.Release|x86.Deploy.0 = Release|x86
		{9E592BB2-A8E3-43C2-8BF6-AF2F481BC255}.Debug|Any CPU.ActiveCfg = Debug|Any CPU
		{9E592BB2-A8E3-43C2-8BF6-AF2F481BC255}.Debug|Any CPU.Build.0 = Debug|Any CPU
		{9E592BB2-A8E3-43C2-8BF6-AF2F481BC255}.Debug|arm64.ActiveCfg = Debug|Any CPU
		{9E592BB2-A8E3-43C2-8BF6-AF2F481BC255}.Debug|arm64.Build.0 = Debug|Any CPU
		{9E592BB2-A8E3-43C2-8BF6-AF2F481BC255}.Debug|x64.ActiveCfg = Debug|Any CPU
		{9E592BB2-A8E3-43C2-8BF6-AF2F481BC255}.Debug|x64.Build.0 = Debug|Any CPU
		{9E592BB2-A8E3-43C2-8BF6-AF2F481BC255}.Debug|x86.ActiveCfg = Debug|Any CPU
		{9E592BB2-A8E3-43C2-8BF6-AF2F481BC255}.Debug|x86.Build.0 = Debug|Any CPU
		{9E592BB2-A8E3-43C2-8BF6-AF2F481BC255}.Release|Any CPU.ActiveCfg = Release|Any CPU
		{9E592BB2-A8E3-43C2-8BF6-AF2F481BC255}.Release|Any CPU.Build.0 = Release|Any CPU
		{9E592BB2-A8E3-43C2-8BF6-AF2F481BC255}.Release|arm64.ActiveCfg = Release|Any CPU
		{9E592BB2-A8E3-43C2-8BF6-AF2F481BC255}.Release|arm64.Build.0 = Release|Any CPU
		{9E592BB2-A8E3-43C2-8BF6-AF2F481BC255}.Release|x64.ActiveCfg = Release|Any CPU
		{9E592BB2-A8E3-43C2-8BF6-AF2F481BC255}.Release|x64.Build.0 = Release|Any CPU
		{9E592BB2-A8E3-43C2-8BF6-AF2F481BC255}.Release|x86.ActiveCfg = Release|Any CPU
		{9E592BB2-A8E3-43C2-8BF6-AF2F481BC255}.Release|x86.Build.0 = Release|Any CPU
		{9FDB3275-F1AB-4EEF-8A4C-6857A383B2B6}.Debug|Any CPU.ActiveCfg = Debug|Any CPU
		{9FDB3275-F1AB-4EEF-8A4C-6857A383B2B6}.Debug|Any CPU.Build.0 = Debug|Any CPU
		{9FDB3275-F1AB-4EEF-8A4C-6857A383B2B6}.Debug|arm64.ActiveCfg = Debug|Any CPU
		{9FDB3275-F1AB-4EEF-8A4C-6857A383B2B6}.Debug|arm64.Build.0 = Debug|Any CPU
		{9FDB3275-F1AB-4EEF-8A4C-6857A383B2B6}.Debug|x64.ActiveCfg = Debug|Any CPU
		{9FDB3275-F1AB-4EEF-8A4C-6857A383B2B6}.Debug|x64.Build.0 = Debug|Any CPU
		{9FDB3275-F1AB-4EEF-8A4C-6857A383B2B6}.Debug|x86.ActiveCfg = Debug|Any CPU
		{9FDB3275-F1AB-4EEF-8A4C-6857A383B2B6}.Debug|x86.Build.0 = Debug|Any CPU
		{9FDB3275-F1AB-4EEF-8A4C-6857A383B2B6}.Release|Any CPU.ActiveCfg = Release|Any CPU
		{9FDB3275-F1AB-4EEF-8A4C-6857A383B2B6}.Release|Any CPU.Build.0 = Release|Any CPU
		{9FDB3275-F1AB-4EEF-8A4C-6857A383B2B6}.Release|arm64.ActiveCfg = Release|Any CPU
		{9FDB3275-F1AB-4EEF-8A4C-6857A383B2B6}.Release|arm64.Build.0 = Release|Any CPU
		{9FDB3275-F1AB-4EEF-8A4C-6857A383B2B6}.Release|x64.ActiveCfg = Release|Any CPU
		{9FDB3275-F1AB-4EEF-8A4C-6857A383B2B6}.Release|x64.Build.0 = Release|Any CPU
		{9FDB3275-F1AB-4EEF-8A4C-6857A383B2B6}.Release|x86.ActiveCfg = Release|Any CPU
		{9FDB3275-F1AB-4EEF-8A4C-6857A383B2B6}.Release|x86.Build.0 = Release|Any CPU
		{7D6A322A-0FBD-457C-8DB6-5A3BBED85301}.Debug|Any CPU.ActiveCfg = Debug|Any CPU
		{7D6A322A-0FBD-457C-8DB6-5A3BBED85301}.Debug|Any CPU.Build.0 = Debug|Any CPU
		{7D6A322A-0FBD-457C-8DB6-5A3BBED85301}.Debug|arm64.ActiveCfg = Debug|Any CPU
		{7D6A322A-0FBD-457C-8DB6-5A3BBED85301}.Debug|arm64.Build.0 = Debug|Any CPU
		{7D6A322A-0FBD-457C-8DB6-5A3BBED85301}.Debug|x64.ActiveCfg = Debug|Any CPU
		{7D6A322A-0FBD-457C-8DB6-5A3BBED85301}.Debug|x64.Build.0 = Debug|Any CPU
		{7D6A322A-0FBD-457C-8DB6-5A3BBED85301}.Debug|x86.ActiveCfg = Debug|Any CPU
		{7D6A322A-0FBD-457C-8DB6-5A3BBED85301}.Debug|x86.Build.0 = Debug|Any CPU
		{7D6A322A-0FBD-457C-8DB6-5A3BBED85301}.Release|Any CPU.ActiveCfg = Release|Any CPU
		{7D6A322A-0FBD-457C-8DB6-5A3BBED85301}.Release|Any CPU.Build.0 = Release|Any CPU
		{7D6A322A-0FBD-457C-8DB6-5A3BBED85301}.Release|arm64.ActiveCfg = Release|Any CPU
		{7D6A322A-0FBD-457C-8DB6-5A3BBED85301}.Release|arm64.Build.0 = Release|Any CPU
		{7D6A322A-0FBD-457C-8DB6-5A3BBED85301}.Release|x64.ActiveCfg = Release|Any CPU
		{7D6A322A-0FBD-457C-8DB6-5A3BBED85301}.Release|x64.Build.0 = Release|Any CPU
		{7D6A322A-0FBD-457C-8DB6-5A3BBED85301}.Release|x86.ActiveCfg = Release|Any CPU
		{7D6A322A-0FBD-457C-8DB6-5A3BBED85301}.Release|x86.Build.0 = Release|Any CPU
		{D74EC880-6588-4828-B2F9-8FD2C3847F27}.Debug|Any CPU.ActiveCfg = Debug|Any CPU
		{D74EC880-6588-4828-B2F9-8FD2C3847F27}.Debug|Any CPU.Build.0 = Debug|Any CPU
		{D74EC880-6588-4828-B2F9-8FD2C3847F27}.Debug|arm64.ActiveCfg = Debug|Any CPU
		{D74EC880-6588-4828-B2F9-8FD2C3847F27}.Debug|arm64.Build.0 = Debug|Any CPU
		{D74EC880-6588-4828-B2F9-8FD2C3847F27}.Debug|x64.ActiveCfg = Debug|Any CPU
		{D74EC880-6588-4828-B2F9-8FD2C3847F27}.Debug|x64.Build.0 = Debug|Any CPU
		{D74EC880-6588-4828-B2F9-8FD2C3847F27}.Debug|x86.ActiveCfg = Debug|Any CPU
		{D74EC880-6588-4828-B2F9-8FD2C3847F27}.Debug|x86.Build.0 = Debug|Any CPU
		{D74EC880-6588-4828-B2F9-8FD2C3847F27}.Release|Any CPU.ActiveCfg = Release|Any CPU
		{D74EC880-6588-4828-B2F9-8FD2C3847F27}.Release|Any CPU.Build.0 = Release|Any CPU
		{D74EC880-6588-4828-B2F9-8FD2C3847F27}.Release|arm64.ActiveCfg = Release|Any CPU
		{D74EC880-6588-4828-B2F9-8FD2C3847F27}.Release|arm64.Build.0 = Release|Any CPU
		{D74EC880-6588-4828-B2F9-8FD2C3847F27}.Release|x64.ActiveCfg = Release|Any CPU
		{D74EC880-6588-4828-B2F9-8FD2C3847F27}.Release|x64.Build.0 = Release|Any CPU
		{D74EC880-6588-4828-B2F9-8FD2C3847F27}.Release|x86.ActiveCfg = Release|Any CPU
		{D74EC880-6588-4828-B2F9-8FD2C3847F27}.Release|x86.Build.0 = Release|Any CPU
		{18822CA2-69B5-4DB1-94BA-1B2F46324A4B}.Debug|Any CPU.ActiveCfg = Debug|Any CPU
		{18822CA2-69B5-4DB1-94BA-1B2F46324A4B}.Debug|Any CPU.Build.0 = Debug|Any CPU
		{18822CA2-69B5-4DB1-94BA-1B2F46324A4B}.Debug|arm64.ActiveCfg = Debug|Any CPU
		{18822CA2-69B5-4DB1-94BA-1B2F46324A4B}.Debug|arm64.Build.0 = Debug|Any CPU
		{18822CA2-69B5-4DB1-94BA-1B2F46324A4B}.Debug|x64.ActiveCfg = Debug|Any CPU
		{18822CA2-69B5-4DB1-94BA-1B2F46324A4B}.Debug|x64.Build.0 = Debug|Any CPU
		{18822CA2-69B5-4DB1-94BA-1B2F46324A4B}.Debug|x86.ActiveCfg = Debug|Any CPU
		{18822CA2-69B5-4DB1-94BA-1B2F46324A4B}.Debug|x86.Build.0 = Debug|Any CPU
		{18822CA2-69B5-4DB1-94BA-1B2F46324A4B}.Release|Any CPU.ActiveCfg = Release|Any CPU
		{18822CA2-69B5-4DB1-94BA-1B2F46324A4B}.Release|Any CPU.Build.0 = Release|Any CPU
		{18822CA2-69B5-4DB1-94BA-1B2F46324A4B}.Release|arm64.ActiveCfg = Release|Any CPU
		{18822CA2-69B5-4DB1-94BA-1B2F46324A4B}.Release|arm64.Build.0 = Release|Any CPU
		{18822CA2-69B5-4DB1-94BA-1B2F46324A4B}.Release|x64.ActiveCfg = Release|Any CPU
		{18822CA2-69B5-4DB1-94BA-1B2F46324A4B}.Release|x64.Build.0 = Release|Any CPU
		{18822CA2-69B5-4DB1-94BA-1B2F46324A4B}.Release|x86.ActiveCfg = Release|Any CPU
		{18822CA2-69B5-4DB1-94BA-1B2F46324A4B}.Release|x86.Build.0 = Release|Any CPU
		{8DE35CC2-F23A-4D17-BF91-8FD922D5875D}.Debug|Any CPU.ActiveCfg = Debug|Any CPU
		{8DE35CC2-F23A-4D17-BF91-8FD922D5875D}.Debug|Any CPU.Build.0 = Debug|Any CPU
		{8DE35CC2-F23A-4D17-BF91-8FD922D5875D}.Debug|arm64.ActiveCfg = Debug|Any CPU
		{8DE35CC2-F23A-4D17-BF91-8FD922D5875D}.Debug|arm64.Build.0 = Debug|Any CPU
		{8DE35CC2-F23A-4D17-BF91-8FD922D5875D}.Debug|x64.ActiveCfg = Debug|Any CPU
		{8DE35CC2-F23A-4D17-BF91-8FD922D5875D}.Debug|x64.Build.0 = Debug|Any CPU
		{8DE35CC2-F23A-4D17-BF91-8FD922D5875D}.Debug|x86.ActiveCfg = Debug|Any CPU
		{8DE35CC2-F23A-4D17-BF91-8FD922D5875D}.Debug|x86.Build.0 = Debug|Any CPU
		{8DE35CC2-F23A-4D17-BF91-8FD922D5875D}.Release|Any CPU.ActiveCfg = Release|Any CPU
		{8DE35CC2-F23A-4D17-BF91-8FD922D5875D}.Release|Any CPU.Build.0 = Release|Any CPU
		{8DE35CC2-F23A-4D17-BF91-8FD922D5875D}.Release|arm64.ActiveCfg = Release|Any CPU
		{8DE35CC2-F23A-4D17-BF91-8FD922D5875D}.Release|arm64.Build.0 = Release|Any CPU
		{8DE35CC2-F23A-4D17-BF91-8FD922D5875D}.Release|x64.ActiveCfg = Release|Any CPU
		{8DE35CC2-F23A-4D17-BF91-8FD922D5875D}.Release|x64.Build.0 = Release|Any CPU
		{8DE35CC2-F23A-4D17-BF91-8FD922D5875D}.Release|x86.ActiveCfg = Release|Any CPU
		{8DE35CC2-F23A-4D17-BF91-8FD922D5875D}.Release|x86.Build.0 = Release|Any CPU
		{1E198EC9-7853-441C-856F-F9031183050D}.Debug|Any CPU.ActiveCfg = Debug|Any CPU
		{1E198EC9-7853-441C-856F-F9031183050D}.Debug|Any CPU.Build.0 = Debug|Any CPU
		{1E198EC9-7853-441C-856F-F9031183050D}.Debug|arm64.ActiveCfg = Debug|Any CPU
		{1E198EC9-7853-441C-856F-F9031183050D}.Debug|arm64.Build.0 = Debug|Any CPU
		{1E198EC9-7853-441C-856F-F9031183050D}.Debug|x64.ActiveCfg = Debug|Any CPU
		{1E198EC9-7853-441C-856F-F9031183050D}.Debug|x64.Build.0 = Debug|Any CPU
		{1E198EC9-7853-441C-856F-F9031183050D}.Debug|x86.ActiveCfg = Debug|Any CPU
		{1E198EC9-7853-441C-856F-F9031183050D}.Debug|x86.Build.0 = Debug|Any CPU
		{1E198EC9-7853-441C-856F-F9031183050D}.Release|Any CPU.ActiveCfg = Release|Any CPU
		{1E198EC9-7853-441C-856F-F9031183050D}.Release|Any CPU.Build.0 = Release|Any CPU
		{1E198EC9-7853-441C-856F-F9031183050D}.Release|arm64.ActiveCfg = Release|Any CPU
		{1E198EC9-7853-441C-856F-F9031183050D}.Release|arm64.Build.0 = Release|Any CPU
		{1E198EC9-7853-441C-856F-F9031183050D}.Release|x64.ActiveCfg = Release|Any CPU
		{1E198EC9-7853-441C-856F-F9031183050D}.Release|x64.Build.0 = Release|Any CPU
		{1E198EC9-7853-441C-856F-F9031183050D}.Release|x86.ActiveCfg = Release|Any CPU
		{1E198EC9-7853-441C-856F-F9031183050D}.Release|x86.Build.0 = Release|Any CPU
		{5BE640F3-3199-415D-B1CE-DD008A69F16E}.Debug|Any CPU.ActiveCfg = Debug|Any CPU
		{5BE640F3-3199-415D-B1CE-DD008A69F16E}.Debug|Any CPU.Build.0 = Debug|Any CPU
		{5BE640F3-3199-415D-B1CE-DD008A69F16E}.Debug|arm64.ActiveCfg = Debug|Any CPU
		{5BE640F3-3199-415D-B1CE-DD008A69F16E}.Debug|arm64.Build.0 = Debug|Any CPU
		{5BE640F3-3199-415D-B1CE-DD008A69F16E}.Debug|x64.ActiveCfg = Debug|Any CPU
		{5BE640F3-3199-415D-B1CE-DD008A69F16E}.Debug|x64.Build.0 = Debug|Any CPU
		{5BE640F3-3199-415D-B1CE-DD008A69F16E}.Debug|x86.ActiveCfg = Debug|Any CPU
		{5BE640F3-3199-415D-B1CE-DD008A69F16E}.Debug|x86.Build.0 = Debug|Any CPU
		{5BE640F3-3199-415D-B1CE-DD008A69F16E}.Release|Any CPU.ActiveCfg = Release|Any CPU
		{5BE640F3-3199-415D-B1CE-DD008A69F16E}.Release|Any CPU.Build.0 = Release|Any CPU
		{5BE640F3-3199-415D-B1CE-DD008A69F16E}.Release|arm64.ActiveCfg = Release|Any CPU
		{5BE640F3-3199-415D-B1CE-DD008A69F16E}.Release|arm64.Build.0 = Release|Any CPU
		{5BE640F3-3199-415D-B1CE-DD008A69F16E}.Release|x64.ActiveCfg = Release|Any CPU
		{5BE640F3-3199-415D-B1CE-DD008A69F16E}.Release|x64.Build.0 = Release|Any CPU
		{5BE640F3-3199-415D-B1CE-DD008A69F16E}.Release|x86.ActiveCfg = Release|Any CPU
		{5BE640F3-3199-415D-B1CE-DD008A69F16E}.Release|x86.Build.0 = Release|Any CPU
		{9D90160F-15CD-4616-8105-27CF067E2196}.Debug|Any CPU.ActiveCfg = Debug|Any CPU
		{9D90160F-15CD-4616-8105-27CF067E2196}.Debug|Any CPU.Build.0 = Debug|Any CPU
		{9D90160F-15CD-4616-8105-27CF067E2196}.Debug|arm64.ActiveCfg = Debug|Any CPU
		{9D90160F-15CD-4616-8105-27CF067E2196}.Debug|arm64.Build.0 = Debug|Any CPU
		{9D90160F-15CD-4616-8105-27CF067E2196}.Debug|x64.ActiveCfg = Debug|Any CPU
		{9D90160F-15CD-4616-8105-27CF067E2196}.Debug|x64.Build.0 = Debug|Any CPU
		{9D90160F-15CD-4616-8105-27CF067E2196}.Debug|x86.ActiveCfg = Debug|Any CPU
		{9D90160F-15CD-4616-8105-27CF067E2196}.Debug|x86.Build.0 = Debug|Any CPU
		{9D90160F-15CD-4616-8105-27CF067E2196}.Release|Any CPU.ActiveCfg = Release|Any CPU
		{9D90160F-15CD-4616-8105-27CF067E2196}.Release|Any CPU.Build.0 = Release|Any CPU
		{9D90160F-15CD-4616-8105-27CF067E2196}.Release|arm64.ActiveCfg = Release|Any CPU
		{9D90160F-15CD-4616-8105-27CF067E2196}.Release|arm64.Build.0 = Release|Any CPU
		{9D90160F-15CD-4616-8105-27CF067E2196}.Release|x64.ActiveCfg = Release|Any CPU
		{9D90160F-15CD-4616-8105-27CF067E2196}.Release|x64.Build.0 = Release|Any CPU
		{9D90160F-15CD-4616-8105-27CF067E2196}.Release|x86.ActiveCfg = Release|Any CPU
		{9D90160F-15CD-4616-8105-27CF067E2196}.Release|x86.Build.0 = Release|Any CPU
		{8C18AD9B-FDB6-416B-9B12-75586157141D}.Debug|Any CPU.ActiveCfg = Debug|Any CPU
		{8C18AD9B-FDB6-416B-9B12-75586157141D}.Debug|Any CPU.Build.0 = Debug|Any CPU
		{8C18AD9B-FDB6-416B-9B12-75586157141D}.Debug|arm64.ActiveCfg = Debug|Any CPU
		{8C18AD9B-FDB6-416B-9B12-75586157141D}.Debug|arm64.Build.0 = Debug|Any CPU
		{8C18AD9B-FDB6-416B-9B12-75586157141D}.Debug|x64.ActiveCfg = Debug|Any CPU
		{8C18AD9B-FDB6-416B-9B12-75586157141D}.Debug|x64.Build.0 = Debug|Any CPU
		{8C18AD9B-FDB6-416B-9B12-75586157141D}.Debug|x86.ActiveCfg = Debug|Any CPU
		{8C18AD9B-FDB6-416B-9B12-75586157141D}.Debug|x86.Build.0 = Debug|Any CPU
		{8C18AD9B-FDB6-416B-9B12-75586157141D}.Release|Any CPU.ActiveCfg = Release|Any CPU
		{8C18AD9B-FDB6-416B-9B12-75586157141D}.Release|Any CPU.Build.0 = Release|Any CPU
		{8C18AD9B-FDB6-416B-9B12-75586157141D}.Release|arm64.ActiveCfg = Release|Any CPU
		{8C18AD9B-FDB6-416B-9B12-75586157141D}.Release|arm64.Build.0 = Release|Any CPU
		{8C18AD9B-FDB6-416B-9B12-75586157141D}.Release|x64.ActiveCfg = Release|Any CPU
		{8C18AD9B-FDB6-416B-9B12-75586157141D}.Release|x64.Build.0 = Release|Any CPU
		{8C18AD9B-FDB6-416B-9B12-75586157141D}.Release|x86.ActiveCfg = Release|Any CPU
		{8C18AD9B-FDB6-416B-9B12-75586157141D}.Release|x86.Build.0 = Release|Any CPU
		{26A03622-E4EE-4C54-975F-6D5DAFD4F8E2}.Debug|Any CPU.ActiveCfg = Debug|Any CPU
		{26A03622-E4EE-4C54-975F-6D5DAFD4F8E2}.Debug|Any CPU.Build.0 = Debug|Any CPU
		{26A03622-E4EE-4C54-975F-6D5DAFD4F8E2}.Debug|arm64.ActiveCfg = Debug|Any CPU
		{26A03622-E4EE-4C54-975F-6D5DAFD4F8E2}.Debug|arm64.Build.0 = Debug|Any CPU
		{26A03622-E4EE-4C54-975F-6D5DAFD4F8E2}.Debug|x64.ActiveCfg = Debug|Any CPU
		{26A03622-E4EE-4C54-975F-6D5DAFD4F8E2}.Debug|x64.Build.0 = Debug|Any CPU
		{26A03622-E4EE-4C54-975F-6D5DAFD4F8E2}.Debug|x86.ActiveCfg = Debug|Any CPU
		{26A03622-E4EE-4C54-975F-6D5DAFD4F8E2}.Debug|x86.Build.0 = Debug|Any CPU
		{26A03622-E4EE-4C54-975F-6D5DAFD4F8E2}.Release|Any CPU.ActiveCfg = Release|Any CPU
		{26A03622-E4EE-4C54-975F-6D5DAFD4F8E2}.Release|Any CPU.Build.0 = Release|Any CPU
		{26A03622-E4EE-4C54-975F-6D5DAFD4F8E2}.Release|arm64.ActiveCfg = Release|Any CPU
		{26A03622-E4EE-4C54-975F-6D5DAFD4F8E2}.Release|arm64.Build.0 = Release|Any CPU
		{26A03622-E4EE-4C54-975F-6D5DAFD4F8E2}.Release|x64.ActiveCfg = Release|Any CPU
		{26A03622-E4EE-4C54-975F-6D5DAFD4F8E2}.Release|x64.Build.0 = Release|Any CPU
		{26A03622-E4EE-4C54-975F-6D5DAFD4F8E2}.Release|x86.ActiveCfg = Release|Any CPU
		{26A03622-E4EE-4C54-975F-6D5DAFD4F8E2}.Release|x86.Build.0 = Release|Any CPU
		{482C4A52-0CA0-4F07-A967-3B4D6B61E438}.Debug|Any CPU.ActiveCfg = Debug|Any CPU
		{482C4A52-0CA0-4F07-A967-3B4D6B61E438}.Debug|Any CPU.Build.0 = Debug|Any CPU
		{482C4A52-0CA0-4F07-A967-3B4D6B61E438}.Debug|arm64.ActiveCfg = Debug|Any CPU
		{482C4A52-0CA0-4F07-A967-3B4D6B61E438}.Debug|arm64.Build.0 = Debug|Any CPU
		{482C4A52-0CA0-4F07-A967-3B4D6B61E438}.Debug|x64.ActiveCfg = Debug|Any CPU
		{482C4A52-0CA0-4F07-A967-3B4D6B61E438}.Debug|x64.Build.0 = Debug|Any CPU
		{482C4A52-0CA0-4F07-A967-3B4D6B61E438}.Debug|x86.ActiveCfg = Debug|Any CPU
		{482C4A52-0CA0-4F07-A967-3B4D6B61E438}.Debug|x86.Build.0 = Debug|Any CPU
		{482C4A52-0CA0-4F07-A967-3B4D6B61E438}.Release|Any CPU.ActiveCfg = Release|Any CPU
		{482C4A52-0CA0-4F07-A967-3B4D6B61E438}.Release|Any CPU.Build.0 = Release|Any CPU
		{482C4A52-0CA0-4F07-A967-3B4D6B61E438}.Release|arm64.ActiveCfg = Release|Any CPU
		{482C4A52-0CA0-4F07-A967-3B4D6B61E438}.Release|arm64.Build.0 = Release|Any CPU
		{482C4A52-0CA0-4F07-A967-3B4D6B61E438}.Release|x64.ActiveCfg = Release|Any CPU
		{482C4A52-0CA0-4F07-A967-3B4D6B61E438}.Release|x64.Build.0 = Release|Any CPU
		{482C4A52-0CA0-4F07-A967-3B4D6B61E438}.Release|x86.ActiveCfg = Release|Any CPU
		{482C4A52-0CA0-4F07-A967-3B4D6B61E438}.Release|x86.Build.0 = Release|Any CPU
		{8487A822-D078-4BA3-9D58-DD3B4700EB9F}.Debug|Any CPU.ActiveCfg = Debug|Any CPU
		{8487A822-D078-4BA3-9D58-DD3B4700EB9F}.Debug|Any CPU.Build.0 = Debug|Any CPU
		{8487A822-D078-4BA3-9D58-DD3B4700EB9F}.Debug|arm64.ActiveCfg = Debug|Any CPU
		{8487A822-D078-4BA3-9D58-DD3B4700EB9F}.Debug|arm64.Build.0 = Debug|Any CPU
		{8487A822-D078-4BA3-9D58-DD3B4700EB9F}.Debug|x64.ActiveCfg = Debug|Any CPU
		{8487A822-D078-4BA3-9D58-DD3B4700EB9F}.Debug|x64.Build.0 = Debug|Any CPU
		{8487A822-D078-4BA3-9D58-DD3B4700EB9F}.Debug|x86.ActiveCfg = Debug|Any CPU
		{8487A822-D078-4BA3-9D58-DD3B4700EB9F}.Debug|x86.Build.0 = Debug|Any CPU
		{8487A822-D078-4BA3-9D58-DD3B4700EB9F}.Release|Any CPU.ActiveCfg = Release|Any CPU
		{8487A822-D078-4BA3-9D58-DD3B4700EB9F}.Release|Any CPU.Build.0 = Release|Any CPU
		{8487A822-D078-4BA3-9D58-DD3B4700EB9F}.Release|arm64.ActiveCfg = Release|Any CPU
		{8487A822-D078-4BA3-9D58-DD3B4700EB9F}.Release|arm64.Build.0 = Release|Any CPU
		{8487A822-D078-4BA3-9D58-DD3B4700EB9F}.Release|x64.ActiveCfg = Release|Any CPU
		{8487A822-D078-4BA3-9D58-DD3B4700EB9F}.Release|x64.Build.0 = Release|Any CPU
		{8487A822-D078-4BA3-9D58-DD3B4700EB9F}.Release|x86.ActiveCfg = Release|Any CPU
		{8487A822-D078-4BA3-9D58-DD3B4700EB9F}.Release|x86.Build.0 = Release|Any CPU
		{3CBF1DC1-C72D-44B3-8BA7-924E1A5EC9D9}.Debug|Any CPU.ActiveCfg = Debug|Any CPU
		{3CBF1DC1-C72D-44B3-8BA7-924E1A5EC9D9}.Debug|Any CPU.Build.0 = Debug|Any CPU
		{3CBF1DC1-C72D-44B3-8BA7-924E1A5EC9D9}.Debug|arm64.ActiveCfg = Debug|Any CPU
		{3CBF1DC1-C72D-44B3-8BA7-924E1A5EC9D9}.Debug|arm64.Build.0 = Debug|Any CPU
		{3CBF1DC1-C72D-44B3-8BA7-924E1A5EC9D9}.Debug|x64.ActiveCfg = Debug|Any CPU
		{3CBF1DC1-C72D-44B3-8BA7-924E1A5EC9D9}.Debug|x64.Build.0 = Debug|Any CPU
		{3CBF1DC1-C72D-44B3-8BA7-924E1A5EC9D9}.Debug|x86.ActiveCfg = Debug|Any CPU
		{3CBF1DC1-C72D-44B3-8BA7-924E1A5EC9D9}.Debug|x86.Build.0 = Debug|Any CPU
		{3CBF1DC1-C72D-44B3-8BA7-924E1A5EC9D9}.Release|Any CPU.ActiveCfg = Release|Any CPU
		{3CBF1DC1-C72D-44B3-8BA7-924E1A5EC9D9}.Release|Any CPU.Build.0 = Release|Any CPU
		{3CBF1DC1-C72D-44B3-8BA7-924E1A5EC9D9}.Release|arm64.ActiveCfg = Release|Any CPU
		{3CBF1DC1-C72D-44B3-8BA7-924E1A5EC9D9}.Release|arm64.Build.0 = Release|Any CPU
		{3CBF1DC1-C72D-44B3-8BA7-924E1A5EC9D9}.Release|x64.ActiveCfg = Release|Any CPU
		{3CBF1DC1-C72D-44B3-8BA7-924E1A5EC9D9}.Release|x64.Build.0 = Release|Any CPU
		{3CBF1DC1-C72D-44B3-8BA7-924E1A5EC9D9}.Release|x86.ActiveCfg = Release|Any CPU
		{3CBF1DC1-C72D-44B3-8BA7-924E1A5EC9D9}.Release|x86.Build.0 = Release|Any CPU
		{F4FC6712-C437-44EB-90D3-7CD89B96D50D}.Debug|Any CPU.ActiveCfg = Debug|Any CPU
		{F4FC6712-C437-44EB-90D3-7CD89B96D50D}.Debug|Any CPU.Build.0 = Debug|Any CPU
		{F4FC6712-C437-44EB-90D3-7CD89B96D50D}.Debug|arm64.ActiveCfg = Debug|Any CPU
		{F4FC6712-C437-44EB-90D3-7CD89B96D50D}.Debug|arm64.Build.0 = Debug|Any CPU
		{F4FC6712-C437-44EB-90D3-7CD89B96D50D}.Debug|x64.ActiveCfg = Debug|Any CPU
		{F4FC6712-C437-44EB-90D3-7CD89B96D50D}.Debug|x64.Build.0 = Debug|Any CPU
		{F4FC6712-C437-44EB-90D3-7CD89B96D50D}.Debug|x86.ActiveCfg = Debug|Any CPU
		{F4FC6712-C437-44EB-90D3-7CD89B96D50D}.Debug|x86.Build.0 = Debug|Any CPU
		{F4FC6712-C437-44EB-90D3-7CD89B96D50D}.Release|Any CPU.ActiveCfg = Release|Any CPU
		{F4FC6712-C437-44EB-90D3-7CD89B96D50D}.Release|Any CPU.Build.0 = Release|Any CPU
		{F4FC6712-C437-44EB-90D3-7CD89B96D50D}.Release|arm64.ActiveCfg = Release|Any CPU
		{F4FC6712-C437-44EB-90D3-7CD89B96D50D}.Release|arm64.Build.0 = Release|Any CPU
		{F4FC6712-C437-44EB-90D3-7CD89B96D50D}.Release|x64.ActiveCfg = Release|Any CPU
		{F4FC6712-C437-44EB-90D3-7CD89B96D50D}.Release|x64.Build.0 = Release|Any CPU
		{F4FC6712-C437-44EB-90D3-7CD89B96D50D}.Release|x86.ActiveCfg = Release|Any CPU
		{F4FC6712-C437-44EB-90D3-7CD89B96D50D}.Release|x86.Build.0 = Release|Any CPU
		{22082A98-77B6-4767-9395-CBE7E4BFA5D0}.Debug|Any CPU.ActiveCfg = Debug|Any CPU
		{22082A98-77B6-4767-9395-CBE7E4BFA5D0}.Debug|Any CPU.Build.0 = Debug|Any CPU
		{22082A98-77B6-4767-9395-CBE7E4BFA5D0}.Debug|arm64.ActiveCfg = Debug|Any CPU
		{22082A98-77B6-4767-9395-CBE7E4BFA5D0}.Debug|arm64.Build.0 = Debug|Any CPU
		{22082A98-77B6-4767-9395-CBE7E4BFA5D0}.Debug|x64.ActiveCfg = Debug|Any CPU
		{22082A98-77B6-4767-9395-CBE7E4BFA5D0}.Debug|x64.Build.0 = Debug|Any CPU
		{22082A98-77B6-4767-9395-CBE7E4BFA5D0}.Debug|x86.ActiveCfg = Debug|Any CPU
		{22082A98-77B6-4767-9395-CBE7E4BFA5D0}.Debug|x86.Build.0 = Debug|Any CPU
		{22082A98-77B6-4767-9395-CBE7E4BFA5D0}.Release|Any CPU.ActiveCfg = Release|Any CPU
		{22082A98-77B6-4767-9395-CBE7E4BFA5D0}.Release|Any CPU.Build.0 = Release|Any CPU
		{22082A98-77B6-4767-9395-CBE7E4BFA5D0}.Release|arm64.ActiveCfg = Release|Any CPU
		{22082A98-77B6-4767-9395-CBE7E4BFA5D0}.Release|arm64.Build.0 = Release|Any CPU
		{22082A98-77B6-4767-9395-CBE7E4BFA5D0}.Release|x64.ActiveCfg = Release|Any CPU
		{22082A98-77B6-4767-9395-CBE7E4BFA5D0}.Release|x64.Build.0 = Release|Any CPU
		{22082A98-77B6-4767-9395-CBE7E4BFA5D0}.Release|x86.ActiveCfg = Release|Any CPU
		{22082A98-77B6-4767-9395-CBE7E4BFA5D0}.Release|x86.Build.0 = Release|Any CPU
		{01E41FE2-D40F-4387-ACA8-DEA44E70A623}.Debug|Any CPU.ActiveCfg = Debug|Any CPU
		{01E41FE2-D40F-4387-ACA8-DEA44E70A623}.Debug|Any CPU.Build.0 = Debug|Any CPU
		{01E41FE2-D40F-4387-ACA8-DEA44E70A623}.Debug|arm64.ActiveCfg = Debug|Any CPU
		{01E41FE2-D40F-4387-ACA8-DEA44E70A623}.Debug|arm64.Build.0 = Debug|Any CPU
		{01E41FE2-D40F-4387-ACA8-DEA44E70A623}.Debug|x64.ActiveCfg = Debug|Any CPU
		{01E41FE2-D40F-4387-ACA8-DEA44E70A623}.Debug|x64.Build.0 = Debug|Any CPU
		{01E41FE2-D40F-4387-ACA8-DEA44E70A623}.Debug|x86.ActiveCfg = Debug|Any CPU
		{01E41FE2-D40F-4387-ACA8-DEA44E70A623}.Debug|x86.Build.0 = Debug|Any CPU
		{01E41FE2-D40F-4387-ACA8-DEA44E70A623}.Release|Any CPU.ActiveCfg = Release|Any CPU
		{01E41FE2-D40F-4387-ACA8-DEA44E70A623}.Release|Any CPU.Build.0 = Release|Any CPU
		{01E41FE2-D40F-4387-ACA8-DEA44E70A623}.Release|arm64.ActiveCfg = Release|Any CPU
		{01E41FE2-D40F-4387-ACA8-DEA44E70A623}.Release|arm64.Build.0 = Release|Any CPU
		{01E41FE2-D40F-4387-ACA8-DEA44E70A623}.Release|x64.ActiveCfg = Release|Any CPU
		{01E41FE2-D40F-4387-ACA8-DEA44E70A623}.Release|x64.Build.0 = Release|Any CPU
		{01E41FE2-D40F-4387-ACA8-DEA44E70A623}.Release|x86.ActiveCfg = Release|Any CPU
		{01E41FE2-D40F-4387-ACA8-DEA44E70A623}.Release|x86.Build.0 = Release|Any CPU
		{2EABDF27-8C0B-4B6F-B8BE-D58CE9C64BB5}.Debug|Any CPU.ActiveCfg = Debug|Any CPU
		{2EABDF27-8C0B-4B6F-B8BE-D58CE9C64BB5}.Debug|Any CPU.Build.0 = Debug|Any CPU
		{2EABDF27-8C0B-4B6F-B8BE-D58CE9C64BB5}.Debug|arm64.ActiveCfg = Debug|Any CPU
		{2EABDF27-8C0B-4B6F-B8BE-D58CE9C64BB5}.Debug|arm64.Build.0 = Debug|Any CPU
		{2EABDF27-8C0B-4B6F-B8BE-D58CE9C64BB5}.Debug|x64.ActiveCfg = Debug|Any CPU
		{2EABDF27-8C0B-4B6F-B8BE-D58CE9C64BB5}.Debug|x64.Build.0 = Debug|Any CPU
		{2EABDF27-8C0B-4B6F-B8BE-D58CE9C64BB5}.Debug|x86.ActiveCfg = Debug|Any CPU
		{2EABDF27-8C0B-4B6F-B8BE-D58CE9C64BB5}.Debug|x86.Build.0 = Debug|Any CPU
		{2EABDF27-8C0B-4B6F-B8BE-D58CE9C64BB5}.Release|Any CPU.ActiveCfg = Release|Any CPU
		{2EABDF27-8C0B-4B6F-B8BE-D58CE9C64BB5}.Release|Any CPU.Build.0 = Release|Any CPU
		{2EABDF27-8C0B-4B6F-B8BE-D58CE9C64BB5}.Release|arm64.ActiveCfg = Release|Any CPU
		{2EABDF27-8C0B-4B6F-B8BE-D58CE9C64BB5}.Release|arm64.Build.0 = Release|Any CPU
		{2EABDF27-8C0B-4B6F-B8BE-D58CE9C64BB5}.Release|x64.ActiveCfg = Release|Any CPU
		{2EABDF27-8C0B-4B6F-B8BE-D58CE9C64BB5}.Release|x64.Build.0 = Release|Any CPU
		{2EABDF27-8C0B-4B6F-B8BE-D58CE9C64BB5}.Release|x86.ActiveCfg = Release|Any CPU
		{2EABDF27-8C0B-4B6F-B8BE-D58CE9C64BB5}.Release|x86.Build.0 = Release|Any CPU
		{920130C3-3572-46D5-9998-5C5125D897E8}.Debug|Any CPU.ActiveCfg = Debug|Any CPU
		{920130C3-3572-46D5-9998-5C5125D897E8}.Debug|Any CPU.Build.0 = Debug|Any CPU
		{920130C3-3572-46D5-9998-5C5125D897E8}.Debug|arm64.ActiveCfg = Debug|Any CPU
		{920130C3-3572-46D5-9998-5C5125D897E8}.Debug|arm64.Build.0 = Debug|Any CPU
		{920130C3-3572-46D5-9998-5C5125D897E8}.Debug|x64.ActiveCfg = Debug|Any CPU
		{920130C3-3572-46D5-9998-5C5125D897E8}.Debug|x64.Build.0 = Debug|Any CPU
		{920130C3-3572-46D5-9998-5C5125D897E8}.Debug|x86.ActiveCfg = Debug|Any CPU
		{920130C3-3572-46D5-9998-5C5125D897E8}.Debug|x86.Build.0 = Debug|Any CPU
		{920130C3-3572-46D5-9998-5C5125D897E8}.Release|Any CPU.ActiveCfg = Release|Any CPU
		{920130C3-3572-46D5-9998-5C5125D897E8}.Release|Any CPU.Build.0 = Release|Any CPU
		{920130C3-3572-46D5-9998-5C5125D897E8}.Release|arm64.ActiveCfg = Release|Any CPU
		{920130C3-3572-46D5-9998-5C5125D897E8}.Release|arm64.Build.0 = Release|Any CPU
		{920130C3-3572-46D5-9998-5C5125D897E8}.Release|x64.ActiveCfg = Release|Any CPU
		{920130C3-3572-46D5-9998-5C5125D897E8}.Release|x64.Build.0 = Release|Any CPU
		{920130C3-3572-46D5-9998-5C5125D897E8}.Release|x86.ActiveCfg = Release|Any CPU
		{920130C3-3572-46D5-9998-5C5125D897E8}.Release|x86.Build.0 = Release|Any CPU
		{435FD1F5-A250-4098-8542-9B503ED4E6EC}.Debug|Any CPU.ActiveCfg = Debug|Any CPU
		{435FD1F5-A250-4098-8542-9B503ED4E6EC}.Debug|Any CPU.Build.0 = Debug|Any CPU
		{435FD1F5-A250-4098-8542-9B503ED4E6EC}.Debug|arm64.ActiveCfg = Debug|Any CPU
		{435FD1F5-A250-4098-8542-9B503ED4E6EC}.Debug|arm64.Build.0 = Debug|Any CPU
		{435FD1F5-A250-4098-8542-9B503ED4E6EC}.Debug|x64.ActiveCfg = Debug|Any CPU
		{435FD1F5-A250-4098-8542-9B503ED4E6EC}.Debug|x64.Build.0 = Debug|Any CPU
		{435FD1F5-A250-4098-8542-9B503ED4E6EC}.Debug|x86.ActiveCfg = Debug|Any CPU
		{435FD1F5-A250-4098-8542-9B503ED4E6EC}.Debug|x86.Build.0 = Debug|Any CPU
		{435FD1F5-A250-4098-8542-9B503ED4E6EC}.Release|Any CPU.ActiveCfg = Release|Any CPU
		{435FD1F5-A250-4098-8542-9B503ED4E6EC}.Release|Any CPU.Build.0 = Release|Any CPU
		{435FD1F5-A250-4098-8542-9B503ED4E6EC}.Release|arm64.ActiveCfg = Release|Any CPU
		{435FD1F5-A250-4098-8542-9B503ED4E6EC}.Release|arm64.Build.0 = Release|Any CPU
		{435FD1F5-A250-4098-8542-9B503ED4E6EC}.Release|x64.ActiveCfg = Release|Any CPU
		{435FD1F5-A250-4098-8542-9B503ED4E6EC}.Release|x64.Build.0 = Release|Any CPU
		{435FD1F5-A250-4098-8542-9B503ED4E6EC}.Release|x86.ActiveCfg = Release|Any CPU
		{435FD1F5-A250-4098-8542-9B503ED4E6EC}.Release|x86.Build.0 = Release|Any CPU
		{D61CC268-5A01-4439-B9F5-4C9CAC5E0B87}.Debug|Any CPU.ActiveCfg = Debug|Any CPU
		{D61CC268-5A01-4439-B9F5-4C9CAC5E0B87}.Debug|Any CPU.Build.0 = Debug|Any CPU
		{D61CC268-5A01-4439-B9F5-4C9CAC5E0B87}.Debug|arm64.ActiveCfg = Debug|Any CPU
		{D61CC268-5A01-4439-B9F5-4C9CAC5E0B87}.Debug|arm64.Build.0 = Debug|Any CPU
		{D61CC268-5A01-4439-B9F5-4C9CAC5E0B87}.Debug|x64.ActiveCfg = Debug|Any CPU
		{D61CC268-5A01-4439-B9F5-4C9CAC5E0B87}.Debug|x64.Build.0 = Debug|Any CPU
		{D61CC268-5A01-4439-B9F5-4C9CAC5E0B87}.Debug|x86.ActiveCfg = Debug|Any CPU
		{D61CC268-5A01-4439-B9F5-4C9CAC5E0B87}.Debug|x86.Build.0 = Debug|Any CPU
		{D61CC268-5A01-4439-B9F5-4C9CAC5E0B87}.Release|Any CPU.ActiveCfg = Release|Any CPU
		{D61CC268-5A01-4439-B9F5-4C9CAC5E0B87}.Release|Any CPU.Build.0 = Release|Any CPU
		{D61CC268-5A01-4439-B9F5-4C9CAC5E0B87}.Release|arm64.ActiveCfg = Release|Any CPU
		{D61CC268-5A01-4439-B9F5-4C9CAC5E0B87}.Release|arm64.Build.0 = Release|Any CPU
		{D61CC268-5A01-4439-B9F5-4C9CAC5E0B87}.Release|x64.ActiveCfg = Release|Any CPU
		{D61CC268-5A01-4439-B9F5-4C9CAC5E0B87}.Release|x64.Build.0 = Release|Any CPU
		{D61CC268-5A01-4439-B9F5-4C9CAC5E0B87}.Release|x86.ActiveCfg = Release|Any CPU
		{D61CC268-5A01-4439-B9F5-4C9CAC5E0B87}.Release|x86.Build.0 = Release|Any CPU
	EndGlobalSection
	GlobalSection(SolutionProperties) = preSolution
		HideSolutionNode = FALSE
	EndGlobalSection
	GlobalSection(NestedProjects) = preSolution
		{47B12570-9DC3-40FB-9A66-5C3A4741DAE3} = {00CDDD2D-1203-45CC-AF20-A4F225B3840A}
		{9CB54AA0-5202-43FF-BDB3-1184BD830EB7} = {00CDDD2D-1203-45CC-AF20-A4F225B3840A}
		{9E592BB2-A8E3-43C2-8BF6-AF2F481BC255} = {00CDDD2D-1203-45CC-AF20-A4F225B3840A}
		{D74EC880-6588-4828-B2F9-8FD2C3847F27} = {CB7CB274-7DB6-4269-A605-5C60F9B019E6}
		{18822CA2-69B5-4DB1-94BA-1B2F46324A4B} = {CB7CB274-7DB6-4269-A605-5C60F9B019E6}
		{8DE35CC2-F23A-4D17-BF91-8FD922D5875D} = {CB7CB274-7DB6-4269-A605-5C60F9B019E6}
		{1E198EC9-7853-441C-856F-F9031183050D} = {CB7CB274-7DB6-4269-A605-5C60F9B019E6}
		{5BE640F3-3199-415D-B1CE-DD008A69F16E} = {CB7CB274-7DB6-4269-A605-5C60F9B019E6}
		{9D90160F-15CD-4616-8105-27CF067E2196} = {CB7CB274-7DB6-4269-A605-5C60F9B019E6}
		{8C18AD9B-FDB6-416B-9B12-75586157141D} = {CB7CB274-7DB6-4269-A605-5C60F9B019E6}
		{26A03622-E4EE-4C54-975F-6D5DAFD4F8E2} = {CB7CB274-7DB6-4269-A605-5C60F9B019E6}
		{482C4A52-0CA0-4F07-A967-3B4D6B61E438} = {CB7CB274-7DB6-4269-A605-5C60F9B019E6}
		{7F12549A-EC94-4B22-BA35-A5F6D9DD4103} = {27DCB2D4-2584-473F-B656-574129AB56CA}
		{8487A822-D078-4BA3-9D58-DD3B4700EB9F} = {7F12549A-EC94-4B22-BA35-A5F6D9DD4103}
		{3CBF1DC1-C72D-44B3-8BA7-924E1A5EC9D9} = {7F12549A-EC94-4B22-BA35-A5F6D9DD4103}
		{F4FC6712-C437-44EB-90D3-7CD89B96D50D} = {7F12549A-EC94-4B22-BA35-A5F6D9DD4103}
		{22082A98-77B6-4767-9395-CBE7E4BFA5D0} = {7F12549A-EC94-4B22-BA35-A5F6D9DD4103}
		{01E41FE2-D40F-4387-ACA8-DEA44E70A623} = {7F12549A-EC94-4B22-BA35-A5F6D9DD4103}
		{2EABDF27-8C0B-4B6F-B8BE-D58CE9C64BB5} = {7F12549A-EC94-4B22-BA35-A5F6D9DD4103}
		{920130C3-3572-46D5-9998-5C5125D897E8} = {7F12549A-EC94-4B22-BA35-A5F6D9DD4103}
		{435FD1F5-A250-4098-8542-9B503ED4E6EC} = {7F12549A-EC94-4B22-BA35-A5F6D9DD4103}
		{D61CC268-5A01-4439-B9F5-4C9CAC5E0B87} = {7F12549A-EC94-4B22-BA35-A5F6D9DD4103}
	EndGlobalSection
	GlobalSection(ExtensibilityGlobals) = postSolution
		SolutionGuid = {BC2D9CCD-052A-4E02-847C-B67BCD8A4F62}
	EndGlobalSection
EndGlobal
