
Microsoft Visual Studio Solution File, Format Version 12.00
# Visual Studio Version 17
VisualStudioVersion = 17.8.34330.188
MinimumVisualStudioVersion = 10.0.40219.1
Project("{2150E333-8FDC-42A3-9474-1A3956D46DE8}") = "Platforms", "Platforms", "{00CDDD2D-1203-45CC-AF20-A4F225B3840A}"
EndProject
Project("{9A19103F-16F7-4668-BE54-9A1E7A4F7556}") = "Celbridge.Tests", "Celbridge.Tests\Celbridge.Tests.csproj", "{C3B7A13A-432B-4AB1-9CC4-28655EB769DD}"
EndProject
Project("{9A19103F-16F7-4668-BE54-9A1E7A4F7556}") = "Celbridge.Skia.Gtk", "Celbridge.Skia.Gtk\Celbridge.Skia.Gtk.csproj", "{47B12570-9DC3-40FB-9A66-5C3A4741DAE3}"
EndProject
Project("{9A19103F-16F7-4668-BE54-9A1E7A4F7556}") = "Celbridge.Windows", "Celbridge.Windows\Celbridge.Windows.csproj", "{9CB54AA0-5202-43FF-BDB3-1184BD830EB7}"
EndProject
Project("{9A19103F-16F7-4668-BE54-9A1E7A4F7556}") = "Celbridge.Shared", "Celbridge.Shared\Celbridge.Shared.csproj", "{9E592BB2-A8E3-43C2-8BF6-AF2F481BC255}"
EndProject
Project("{2150E333-8FDC-42A3-9474-1A3956D46DE8}") = "Solution Items", "Solution Items", "{3FFB22BC-3517-4AEE-9AAB-3F6DD6C620AD}"
	ProjectSection(SolutionItems) = preProject
		.gitignore = .gitignore
		Directory.Build.props = Directory.Build.props
		Directory.Build.targets = Directory.Build.targets
		Directory.Packages.props = Directory.Packages.props
		global.json = global.json
		solution-config.props.sample = solution-config.props.sample
	EndProjectSection
EndProject
Project("{9A19103F-16F7-4668-BE54-9A1E7A4F7556}") = "Celbridge.MainApplication", "Celbridge.MainApplication\Celbridge.MainApplication.csproj", "{9FDB3275-F1AB-4EEF-8A4C-6857A383B2B6}"
EndProject
Project("{9A19103F-16F7-4668-BE54-9A1E7A4F7556}") = "Celbridge.BaseLibrary", "Celbridge.BaseLibrary\Celbridge.BaseLibrary.csproj", "{7D6A322A-0FBD-457C-8DB6-5A3BBED85301}"
EndProject
Project("{2150E333-8FDC-42A3-9474-1A3956D46DE8}") = "CoreExtensions", "CoreExtensions", "{BA5B13C9-A0FB-40E4-9B83-448D822FBFDB}"
EndProject
Project("{9A19103F-16F7-4668-BE54-9A1E7A4F7556}") = "Celbridge.Console", "CoreExtensions\Celbridge.Console\Celbridge.Console.csproj", "{76C5847E-CF42-4454-96BF-73F029DD8319}"
EndProject
Project("{9A19103F-16F7-4668-BE54-9A1E7A4F7556}") = "Celbridge.Workspace", "CoreExtensions\Celbridge.Workspace\Celbridge.Workspace.csproj", "{D768AEC7-B7A1-404A-8775-693BE8B3199B}"
EndProject
Project("{9A19103F-16F7-4668-BE54-9A1E7A4F7556}") = "Celbridge.Legacy", "Celbridge.Legacy\Celbridge.Legacy.csproj", "{717B4BE4-8464-4EB3-A9E2-91433A2869BD}"
EndProject
Project("{9A19103F-16F7-4668-BE54-9A1E7A4F7556}") = "Celbridge.Services", "Celbridge.Services\Celbridge.Services.csproj", "{543E0F10-D2C0-4F30-AD43-D8943B23BCAD}"
EndProject
Project("{9A19103F-16F7-4668-BE54-9A1E7A4F7556}") = "Celbridge.ViewModels", "Celbridge.ViewModels\Celbridge.ViewModels.csproj", "{54D0142A-3CAD-4BAC-99A4-E733E8750739}"
EndProject
Project("{9A19103F-16F7-4668-BE54-9A1E7A4F7556}") = "Celbridge.Views", "Celbridge.Views\Celbridge.Views.csproj", "{089967D2-7B37-43E8-9FF9-1C83751490FF}"
EndProject
Project("{9A19103F-16F7-4668-BE54-9A1E7A4F7556}") = "Celbridge.CoreExtension", "Celbridge.CoreExtension\Celbridge.CoreExtension.csproj", "{034019E9-A490-408E-A9EF-456A3A4FF451}"
EndProject
Project("{9A19103F-16F7-4668-BE54-9A1E7A4F7556}") = "Celbridge.Status", "CoreExtensions\Celbridge.StatusBar\Celbridge.Status.csproj", "{E59BE783-CBCC-4890-AFC3-06CA90416A49}"
EndProject
Global
	GlobalSection(SolutionConfigurationPlatforms) = preSolution
		Debug|Any CPU = Debug|Any CPU
		Debug|arm64 = Debug|arm64
		Debug|x64 = Debug|x64
		Debug|x86 = Debug|x86
		Release|Any CPU = Release|Any CPU
		Release|arm64 = Release|arm64
		Release|x64 = Release|x64
		Release|x86 = Release|x86
	EndGlobalSection
	GlobalSection(ProjectConfigurationPlatforms) = postSolution
		{C3B7A13A-432B-4AB1-9CC4-28655EB769DD}.Debug|Any CPU.ActiveCfg = Debug|Any CPU
		{C3B7A13A-432B-4AB1-9CC4-28655EB769DD}.Debug|Any CPU.Build.0 = Debug|Any CPU
		{C3B7A13A-432B-4AB1-9CC4-28655EB769DD}.Debug|arm64.ActiveCfg = Debug|Any CPU
		{C3B7A13A-432B-4AB1-9CC4-28655EB769DD}.Debug|arm64.Build.0 = Debug|Any CPU
		{C3B7A13A-432B-4AB1-9CC4-28655EB769DD}.Debug|x64.ActiveCfg = Debug|Any CPU
		{C3B7A13A-432B-4AB1-9CC4-28655EB769DD}.Debug|x64.Build.0 = Debug|Any CPU
		{C3B7A13A-432B-4AB1-9CC4-28655EB769DD}.Debug|x86.ActiveCfg = Debug|Any CPU
		{C3B7A13A-432B-4AB1-9CC4-28655EB769DD}.Debug|x86.Build.0 = Debug|Any CPU
		{C3B7A13A-432B-4AB1-9CC4-28655EB769DD}.Release|Any CPU.ActiveCfg = Release|Any CPU
		{C3B7A13A-432B-4AB1-9CC4-28655EB769DD}.Release|Any CPU.Build.0 = Release|Any CPU
		{C3B7A13A-432B-4AB1-9CC4-28655EB769DD}.Release|arm64.ActiveCfg = Release|Any CPU
		{C3B7A13A-432B-4AB1-9CC4-28655EB769DD}.Release|arm64.Build.0 = Release|Any CPU
		{C3B7A13A-432B-4AB1-9CC4-28655EB769DD}.Release|x64.ActiveCfg = Release|Any CPU
		{C3B7A13A-432B-4AB1-9CC4-28655EB769DD}.Release|x64.Build.0 = Release|Any CPU
		{C3B7A13A-432B-4AB1-9CC4-28655EB769DD}.Release|x86.ActiveCfg = Release|Any CPU
		{C3B7A13A-432B-4AB1-9CC4-28655EB769DD}.Release|x86.Build.0 = Release|Any CPU
		{47B12570-9DC3-40FB-9A66-5C3A4741DAE3}.Debug|Any CPU.ActiveCfg = Debug|Any CPU
		{47B12570-9DC3-40FB-9A66-5C3A4741DAE3}.Debug|Any CPU.Build.0 = Debug|Any CPU
		{47B12570-9DC3-40FB-9A66-5C3A4741DAE3}.Debug|arm64.ActiveCfg = Debug|Any CPU
		{47B12570-9DC3-40FB-9A66-5C3A4741DAE3}.Debug|arm64.Build.0 = Debug|Any CPU
		{47B12570-9DC3-40FB-9A66-5C3A4741DAE3}.Debug|x64.ActiveCfg = Debug|Any CPU
		{47B12570-9DC3-40FB-9A66-5C3A4741DAE3}.Debug|x64.Build.0 = Debug|Any CPU
		{47B12570-9DC3-40FB-9A66-5C3A4741DAE3}.Debug|x86.ActiveCfg = Debug|Any CPU
		{47B12570-9DC3-40FB-9A66-5C3A4741DAE3}.Debug|x86.Build.0 = Debug|Any CPU
		{47B12570-9DC3-40FB-9A66-5C3A4741DAE3}.Release|Any CPU.ActiveCfg = Release|Any CPU
		{47B12570-9DC3-40FB-9A66-5C3A4741DAE3}.Release|Any CPU.Build.0 = Release|Any CPU
		{47B12570-9DC3-40FB-9A66-5C3A4741DAE3}.Release|arm64.ActiveCfg = Release|Any CPU
		{47B12570-9DC3-40FB-9A66-5C3A4741DAE3}.Release|arm64.Build.0 = Release|Any CPU
		{47B12570-9DC3-40FB-9A66-5C3A4741DAE3}.Release|x64.ActiveCfg = Release|Any CPU
		{47B12570-9DC3-40FB-9A66-5C3A4741DAE3}.Release|x64.Build.0 = Release|Any CPU
		{47B12570-9DC3-40FB-9A66-5C3A4741DAE3}.Release|x86.ActiveCfg = Release|Any CPU
		{47B12570-9DC3-40FB-9A66-5C3A4741DAE3}.Release|x86.Build.0 = Release|Any CPU
		{9CB54AA0-5202-43FF-BDB3-1184BD830EB7}.Debug|Any CPU.ActiveCfg = Debug|x64
		{9CB54AA0-5202-43FF-BDB3-1184BD830EB7}.Debug|Any CPU.Build.0 = Debug|x64
		{9CB54AA0-5202-43FF-BDB3-1184BD830EB7}.Debug|Any CPU.Deploy.0 = Debug|x64
		{9CB54AA0-5202-43FF-BDB3-1184BD830EB7}.Debug|arm64.ActiveCfg = Debug|arm64
		{9CB54AA0-5202-43FF-BDB3-1184BD830EB7}.Debug|arm64.Build.0 = Debug|arm64
		{9CB54AA0-5202-43FF-BDB3-1184BD830EB7}.Debug|arm64.Deploy.0 = Debug|arm64
		{9CB54AA0-5202-43FF-BDB3-1184BD830EB7}.Debug|x64.ActiveCfg = Debug|x64
		{9CB54AA0-5202-43FF-BDB3-1184BD830EB7}.Debug|x64.Build.0 = Debug|x64
		{9CB54AA0-5202-43FF-BDB3-1184BD830EB7}.Debug|x64.Deploy.0 = Debug|x64
		{9CB54AA0-5202-43FF-BDB3-1184BD830EB7}.Debug|x86.ActiveCfg = Debug|x86
		{9CB54AA0-5202-43FF-BDB3-1184BD830EB7}.Debug|x86.Build.0 = Debug|x86
		{9CB54AA0-5202-43FF-BDB3-1184BD830EB7}.Debug|x86.Deploy.0 = Debug|x86
		{9CB54AA0-5202-43FF-BDB3-1184BD830EB7}.Release|Any CPU.ActiveCfg = Release|x64
		{9CB54AA0-5202-43FF-BDB3-1184BD830EB7}.Release|Any CPU.Build.0 = Release|x64
		{9CB54AA0-5202-43FF-BDB3-1184BD830EB7}.Release|Any CPU.Deploy.0 = Release|x64
		{9CB54AA0-5202-43FF-BDB3-1184BD830EB7}.Release|arm64.ActiveCfg = Release|arm64
		{9CB54AA0-5202-43FF-BDB3-1184BD830EB7}.Release|arm64.Build.0 = Release|arm64
		{9CB54AA0-5202-43FF-BDB3-1184BD830EB7}.Release|arm64.Deploy.0 = Release|arm64
		{9CB54AA0-5202-43FF-BDB3-1184BD830EB7}.Release|x64.ActiveCfg = Release|x64
		{9CB54AA0-5202-43FF-BDB3-1184BD830EB7}.Release|x64.Build.0 = Release|x64
		{9CB54AA0-5202-43FF-BDB3-1184BD830EB7}.Release|x64.Deploy.0 = Release|x64
		{9CB54AA0-5202-43FF-BDB3-1184BD830EB7}.Release|x86.ActiveCfg = Release|x86
		{9CB54AA0-5202-43FF-BDB3-1184BD830EB7}.Release|x86.Build.0 = Release|x86
		{9CB54AA0-5202-43FF-BDB3-1184BD830EB7}.Release|x86.Deploy.0 = Release|x86
		{9E592BB2-A8E3-43C2-8BF6-AF2F481BC255}.Debug|Any CPU.ActiveCfg = Debug|Any CPU
		{9E592BB2-A8E3-43C2-8BF6-AF2F481BC255}.Debug|Any CPU.Build.0 = Debug|Any CPU
		{9E592BB2-A8E3-43C2-8BF6-AF2F481BC255}.Debug|arm64.ActiveCfg = Debug|Any CPU
		{9E592BB2-A8E3-43C2-8BF6-AF2F481BC255}.Debug|arm64.Build.0 = Debug|Any CPU
		{9E592BB2-A8E3-43C2-8BF6-AF2F481BC255}.Debug|x64.ActiveCfg = Debug|Any CPU
		{9E592BB2-A8E3-43C2-8BF6-AF2F481BC255}.Debug|x64.Build.0 = Debug|Any CPU
		{9E592BB2-A8E3-43C2-8BF6-AF2F481BC255}.Debug|x86.ActiveCfg = Debug|Any CPU
		{9E592BB2-A8E3-43C2-8BF6-AF2F481BC255}.Debug|x86.Build.0 = Debug|Any CPU
		{9E592BB2-A8E3-43C2-8BF6-AF2F481BC255}.Release|Any CPU.ActiveCfg = Release|Any CPU
		{9E592BB2-A8E3-43C2-8BF6-AF2F481BC255}.Release|Any CPU.Build.0 = Release|Any CPU
		{9E592BB2-A8E3-43C2-8BF6-AF2F481BC255}.Release|arm64.ActiveCfg = Release|Any CPU
		{9E592BB2-A8E3-43C2-8BF6-AF2F481BC255}.Release|arm64.Build.0 = Release|Any CPU
		{9E592BB2-A8E3-43C2-8BF6-AF2F481BC255}.Release|x64.ActiveCfg = Release|Any CPU
		{9E592BB2-A8E3-43C2-8BF6-AF2F481BC255}.Release|x64.Build.0 = Release|Any CPU
		{9E592BB2-A8E3-43C2-8BF6-AF2F481BC255}.Release|x86.ActiveCfg = Release|Any CPU
		{9E592BB2-A8E3-43C2-8BF6-AF2F481BC255}.Release|x86.Build.0 = Release|Any CPU
		{9FDB3275-F1AB-4EEF-8A4C-6857A383B2B6}.Debug|Any CPU.ActiveCfg = Debug|Any CPU
		{9FDB3275-F1AB-4EEF-8A4C-6857A383B2B6}.Debug|Any CPU.Build.0 = Debug|Any CPU
		{9FDB3275-F1AB-4EEF-8A4C-6857A383B2B6}.Debug|arm64.ActiveCfg = Debug|Any CPU
		{9FDB3275-F1AB-4EEF-8A4C-6857A383B2B6}.Debug|arm64.Build.0 = Debug|Any CPU
		{9FDB3275-F1AB-4EEF-8A4C-6857A383B2B6}.Debug|x64.ActiveCfg = Debug|Any CPU
		{9FDB3275-F1AB-4EEF-8A4C-6857A383B2B6}.Debug|x64.Build.0 = Debug|Any CPU
		{9FDB3275-F1AB-4EEF-8A4C-6857A383B2B6}.Debug|x86.ActiveCfg = Debug|Any CPU
		{9FDB3275-F1AB-4EEF-8A4C-6857A383B2B6}.Debug|x86.Build.0 = Debug|Any CPU
		{9FDB3275-F1AB-4EEF-8A4C-6857A383B2B6}.Release|Any CPU.ActiveCfg = Release|Any CPU
		{9FDB3275-F1AB-4EEF-8A4C-6857A383B2B6}.Release|Any CPU.Build.0 = Release|Any CPU
		{9FDB3275-F1AB-4EEF-8A4C-6857A383B2B6}.Release|arm64.ActiveCfg = Release|Any CPU
		{9FDB3275-F1AB-4EEF-8A4C-6857A383B2B6}.Release|arm64.Build.0 = Release|Any CPU
		{9FDB3275-F1AB-4EEF-8A4C-6857A383B2B6}.Release|x64.ActiveCfg = Release|Any CPU
		{9FDB3275-F1AB-4EEF-8A4C-6857A383B2B6}.Release|x64.Build.0 = Release|Any CPU
		{9FDB3275-F1AB-4EEF-8A4C-6857A383B2B6}.Release|x86.ActiveCfg = Release|Any CPU
		{9FDB3275-F1AB-4EEF-8A4C-6857A383B2B6}.Release|x86.Build.0 = Release|Any CPU
		{7D6A322A-0FBD-457C-8DB6-5A3BBED85301}.Debug|Any CPU.ActiveCfg = Debug|Any CPU
		{7D6A322A-0FBD-457C-8DB6-5A3BBED85301}.Debug|Any CPU.Build.0 = Debug|Any CPU
		{7D6A322A-0FBD-457C-8DB6-5A3BBED85301}.Debug|arm64.ActiveCfg = Debug|Any CPU
		{7D6A322A-0FBD-457C-8DB6-5A3BBED85301}.Debug|arm64.Build.0 = Debug|Any CPU
		{7D6A322A-0FBD-457C-8DB6-5A3BBED85301}.Debug|x64.ActiveCfg = Debug|Any CPU
		{7D6A322A-0FBD-457C-8DB6-5A3BBED85301}.Debug|x64.Build.0 = Debug|Any CPU
		{7D6A322A-0FBD-457C-8DB6-5A3BBED85301}.Debug|x86.ActiveCfg = Debug|Any CPU
		{7D6A322A-0FBD-457C-8DB6-5A3BBED85301}.Debug|x86.Build.0 = Debug|Any CPU
		{7D6A322A-0FBD-457C-8DB6-5A3BBED85301}.Release|Any CPU.ActiveCfg = Release|Any CPU
		{7D6A322A-0FBD-457C-8DB6-5A3BBED85301}.Release|Any CPU.Build.0 = Release|Any CPU
		{7D6A322A-0FBD-457C-8DB6-5A3BBED85301}.Release|arm64.ActiveCfg = Release|Any CPU
		{7D6A322A-0FBD-457C-8DB6-5A3BBED85301}.Release|arm64.Build.0 = Release|Any CPU
		{7D6A322A-0FBD-457C-8DB6-5A3BBED85301}.Release|x64.ActiveCfg = Release|Any CPU
		{7D6A322A-0FBD-457C-8DB6-5A3BBED85301}.Release|x64.Build.0 = Release|Any CPU
		{7D6A322A-0FBD-457C-8DB6-5A3BBED85301}.Release|x86.ActiveCfg = Release|Any CPU
		{7D6A322A-0FBD-457C-8DB6-5A3BBED85301}.Release|x86.Build.0 = Release|Any CPU
		{76C5847E-CF42-4454-96BF-73F029DD8319}.Debug|Any CPU.ActiveCfg = Debug|Any CPU
		{76C5847E-CF42-4454-96BF-73F029DD8319}.Debug|Any CPU.Build.0 = Debug|Any CPU
		{76C5847E-CF42-4454-96BF-73F029DD8319}.Debug|arm64.ActiveCfg = Debug|Any CPU
		{76C5847E-CF42-4454-96BF-73F029DD8319}.Debug|arm64.Build.0 = Debug|Any CPU
		{76C5847E-CF42-4454-96BF-73F029DD8319}.Debug|x64.ActiveCfg = Debug|Any CPU
		{76C5847E-CF42-4454-96BF-73F029DD8319}.Debug|x64.Build.0 = Debug|Any CPU
		{76C5847E-CF42-4454-96BF-73F029DD8319}.Debug|x86.ActiveCfg = Debug|Any CPU
		{76C5847E-CF42-4454-96BF-73F029DD8319}.Debug|x86.Build.0 = Debug|Any CPU
		{76C5847E-CF42-4454-96BF-73F029DD8319}.Release|Any CPU.ActiveCfg = Release|Any CPU
		{76C5847E-CF42-4454-96BF-73F029DD8319}.Release|Any CPU.Build.0 = Release|Any CPU
		{76C5847E-CF42-4454-96BF-73F029DD8319}.Release|arm64.ActiveCfg = Release|Any CPU
		{76C5847E-CF42-4454-96BF-73F029DD8319}.Release|arm64.Build.0 = Release|Any CPU
		{76C5847E-CF42-4454-96BF-73F029DD8319}.Release|x64.ActiveCfg = Release|Any CPU
		{76C5847E-CF42-4454-96BF-73F029DD8319}.Release|x64.Build.0 = Release|Any CPU
		{76C5847E-CF42-4454-96BF-73F029DD8319}.Release|x86.ActiveCfg = Release|Any CPU
		{76C5847E-CF42-4454-96BF-73F029DD8319}.Release|x86.Build.0 = Release|Any CPU
		{D768AEC7-B7A1-404A-8775-693BE8B3199B}.Debug|Any CPU.ActiveCfg = Debug|Any CPU
		{D768AEC7-B7A1-404A-8775-693BE8B3199B}.Debug|Any CPU.Build.0 = Debug|Any CPU
		{D768AEC7-B7A1-404A-8775-693BE8B3199B}.Debug|arm64.ActiveCfg = Debug|Any CPU
		{D768AEC7-B7A1-404A-8775-693BE8B3199B}.Debug|arm64.Build.0 = Debug|Any CPU
		{D768AEC7-B7A1-404A-8775-693BE8B3199B}.Debug|x64.ActiveCfg = Debug|Any CPU
		{D768AEC7-B7A1-404A-8775-693BE8B3199B}.Debug|x64.Build.0 = Debug|Any CPU
		{D768AEC7-B7A1-404A-8775-693BE8B3199B}.Debug|x86.ActiveCfg = Debug|Any CPU
		{D768AEC7-B7A1-404A-8775-693BE8B3199B}.Debug|x86.Build.0 = Debug|Any CPU
		{D768AEC7-B7A1-404A-8775-693BE8B3199B}.Release|Any CPU.ActiveCfg = Release|Any CPU
		{D768AEC7-B7A1-404A-8775-693BE8B3199B}.Release|Any CPU.Build.0 = Release|Any CPU
		{D768AEC7-B7A1-404A-8775-693BE8B3199B}.Release|arm64.ActiveCfg = Release|Any CPU
		{D768AEC7-B7A1-404A-8775-693BE8B3199B}.Release|arm64.Build.0 = Release|Any CPU
		{D768AEC7-B7A1-404A-8775-693BE8B3199B}.Release|x64.ActiveCfg = Release|Any CPU
		{D768AEC7-B7A1-404A-8775-693BE8B3199B}.Release|x64.Build.0 = Release|Any CPU
		{D768AEC7-B7A1-404A-8775-693BE8B3199B}.Release|x86.ActiveCfg = Release|Any CPU
		{D768AEC7-B7A1-404A-8775-693BE8B3199B}.Release|x86.Build.0 = Release|Any CPU
		{717B4BE4-8464-4EB3-A9E2-91433A2869BD}.Debug|Any CPU.ActiveCfg = Debug|Any CPU
		{717B4BE4-8464-4EB3-A9E2-91433A2869BD}.Debug|Any CPU.Build.0 = Debug|Any CPU
		{717B4BE4-8464-4EB3-A9E2-91433A2869BD}.Debug|arm64.ActiveCfg = Debug|Any CPU
		{717B4BE4-8464-4EB3-A9E2-91433A2869BD}.Debug|arm64.Build.0 = Debug|Any CPU
		{717B4BE4-8464-4EB3-A9E2-91433A2869BD}.Debug|x64.ActiveCfg = Debug|Any CPU
		{717B4BE4-8464-4EB3-A9E2-91433A2869BD}.Debug|x64.Build.0 = Debug|Any CPU
		{717B4BE4-8464-4EB3-A9E2-91433A2869BD}.Debug|x86.ActiveCfg = Debug|Any CPU
		{717B4BE4-8464-4EB3-A9E2-91433A2869BD}.Debug|x86.Build.0 = Debug|Any CPU
		{717B4BE4-8464-4EB3-A9E2-91433A2869BD}.Release|Any CPU.ActiveCfg = Release|Any CPU
		{717B4BE4-8464-4EB3-A9E2-91433A2869BD}.Release|Any CPU.Build.0 = Release|Any CPU
		{717B4BE4-8464-4EB3-A9E2-91433A2869BD}.Release|arm64.ActiveCfg = Release|Any CPU
		{717B4BE4-8464-4EB3-A9E2-91433A2869BD}.Release|arm64.Build.0 = Release|Any CPU
		{717B4BE4-8464-4EB3-A9E2-91433A2869BD}.Release|x64.ActiveCfg = Release|Any CPU
		{717B4BE4-8464-4EB3-A9E2-91433A2869BD}.Release|x64.Build.0 = Release|Any CPU
		{717B4BE4-8464-4EB3-A9E2-91433A2869BD}.Release|x86.ActiveCfg = Release|Any CPU
		{717B4BE4-8464-4EB3-A9E2-91433A2869BD}.Release|x86.Build.0 = Release|Any CPU
		{543E0F10-D2C0-4F30-AD43-D8943B23BCAD}.Debug|Any CPU.ActiveCfg = Debug|Any CPU
		{543E0F10-D2C0-4F30-AD43-D8943B23BCAD}.Debug|Any CPU.Build.0 = Debug|Any CPU
		{543E0F10-D2C0-4F30-AD43-D8943B23BCAD}.Debug|arm64.ActiveCfg = Debug|Any CPU
		{543E0F10-D2C0-4F30-AD43-D8943B23BCAD}.Debug|arm64.Build.0 = Debug|Any CPU
		{543E0F10-D2C0-4F30-AD43-D8943B23BCAD}.Debug|x64.ActiveCfg = Debug|Any CPU
		{543E0F10-D2C0-4F30-AD43-D8943B23BCAD}.Debug|x64.Build.0 = Debug|Any CPU
		{543E0F10-D2C0-4F30-AD43-D8943B23BCAD}.Debug|x86.ActiveCfg = Debug|Any CPU
		{543E0F10-D2C0-4F30-AD43-D8943B23BCAD}.Debug|x86.Build.0 = Debug|Any CPU
		{543E0F10-D2C0-4F30-AD43-D8943B23BCAD}.Release|Any CPU.ActiveCfg = Release|Any CPU
		{543E0F10-D2C0-4F30-AD43-D8943B23BCAD}.Release|Any CPU.Build.0 = Release|Any CPU
		{543E0F10-D2C0-4F30-AD43-D8943B23BCAD}.Release|arm64.ActiveCfg = Release|Any CPU
		{543E0F10-D2C0-4F30-AD43-D8943B23BCAD}.Release|arm64.Build.0 = Release|Any CPU
		{543E0F10-D2C0-4F30-AD43-D8943B23BCAD}.Release|x64.ActiveCfg = Release|Any CPU
		{543E0F10-D2C0-4F30-AD43-D8943B23BCAD}.Release|x64.Build.0 = Release|Any CPU
		{543E0F10-D2C0-4F30-AD43-D8943B23BCAD}.Release|x86.ActiveCfg = Release|Any CPU
		{543E0F10-D2C0-4F30-AD43-D8943B23BCAD}.Release|x86.Build.0 = Release|Any CPU
		{54D0142A-3CAD-4BAC-99A4-E733E8750739}.Debug|Any CPU.ActiveCfg = Debug|Any CPU
		{54D0142A-3CAD-4BAC-99A4-E733E8750739}.Debug|Any CPU.Build.0 = Debug|Any CPU
		{54D0142A-3CAD-4BAC-99A4-E733E8750739}.Debug|arm64.ActiveCfg = Debug|Any CPU
		{54D0142A-3CAD-4BAC-99A4-E733E8750739}.Debug|arm64.Build.0 = Debug|Any CPU
		{54D0142A-3CAD-4BAC-99A4-E733E8750739}.Debug|x64.ActiveCfg = Debug|Any CPU
		{54D0142A-3CAD-4BAC-99A4-E733E8750739}.Debug|x64.Build.0 = Debug|Any CPU
		{54D0142A-3CAD-4BAC-99A4-E733E8750739}.Debug|x86.ActiveCfg = Debug|Any CPU
		{54D0142A-3CAD-4BAC-99A4-E733E8750739}.Debug|x86.Build.0 = Debug|Any CPU
		{54D0142A-3CAD-4BAC-99A4-E733E8750739}.Release|Any CPU.ActiveCfg = Release|Any CPU
		{54D0142A-3CAD-4BAC-99A4-E733E8750739}.Release|Any CPU.Build.0 = Release|Any CPU
		{54D0142A-3CAD-4BAC-99A4-E733E8750739}.Release|arm64.ActiveCfg = Release|Any CPU
		{54D0142A-3CAD-4BAC-99A4-E733E8750739}.Release|arm64.Build.0 = Release|Any CPU
		{54D0142A-3CAD-4BAC-99A4-E733E8750739}.Release|x64.ActiveCfg = Release|Any CPU
		{54D0142A-3CAD-4BAC-99A4-E733E8750739}.Release|x64.Build.0 = Release|Any CPU
		{54D0142A-3CAD-4BAC-99A4-E733E8750739}.Release|x86.ActiveCfg = Release|Any CPU
		{54D0142A-3CAD-4BAC-99A4-E733E8750739}.Release|x86.Build.0 = Release|Any CPU
		{089967D2-7B37-43E8-9FF9-1C83751490FF}.Debug|Any CPU.ActiveCfg = Debug|Any CPU
		{089967D2-7B37-43E8-9FF9-1C83751490FF}.Debug|Any CPU.Build.0 = Debug|Any CPU
		{089967D2-7B37-43E8-9FF9-1C83751490FF}.Debug|arm64.ActiveCfg = Debug|Any CPU
		{089967D2-7B37-43E8-9FF9-1C83751490FF}.Debug|arm64.Build.0 = Debug|Any CPU
		{089967D2-7B37-43E8-9FF9-1C83751490FF}.Debug|x64.ActiveCfg = Debug|Any CPU
		{089967D2-7B37-43E8-9FF9-1C83751490FF}.Debug|x64.Build.0 = Debug|Any CPU
		{089967D2-7B37-43E8-9FF9-1C83751490FF}.Debug|x86.ActiveCfg = Debug|Any CPU
		{089967D2-7B37-43E8-9FF9-1C83751490FF}.Debug|x86.Build.0 = Debug|Any CPU
		{089967D2-7B37-43E8-9FF9-1C83751490FF}.Release|Any CPU.ActiveCfg = Release|Any CPU
		{089967D2-7B37-43E8-9FF9-1C83751490FF}.Release|Any CPU.Build.0 = Release|Any CPU
		{089967D2-7B37-43E8-9FF9-1C83751490FF}.Release|arm64.ActiveCfg = Release|Any CPU
		{089967D2-7B37-43E8-9FF9-1C83751490FF}.Release|arm64.Build.0 = Release|Any CPU
		{089967D2-7B37-43E8-9FF9-1C83751490FF}.Release|x64.ActiveCfg = Release|Any CPU
		{089967D2-7B37-43E8-9FF9-1C83751490FF}.Release|x64.Build.0 = Release|Any CPU
		{089967D2-7B37-43E8-9FF9-1C83751490FF}.Release|x86.ActiveCfg = Release|Any CPU
		{089967D2-7B37-43E8-9FF9-1C83751490FF}.Release|x86.Build.0 = Release|Any CPU
		{034019E9-A490-408E-A9EF-456A3A4FF451}.Debug|Any CPU.ActiveCfg = Debug|Any CPU
		{034019E9-A490-408E-A9EF-456A3A4FF451}.Debug|Any CPU.Build.0 = Debug|Any CPU
		{034019E9-A490-408E-A9EF-456A3A4FF451}.Debug|arm64.ActiveCfg = Debug|Any CPU
		{034019E9-A490-408E-A9EF-456A3A4FF451}.Debug|arm64.Build.0 = Debug|Any CPU
		{034019E9-A490-408E-A9EF-456A3A4FF451}.Debug|x64.ActiveCfg = Debug|Any CPU
		{034019E9-A490-408E-A9EF-456A3A4FF451}.Debug|x64.Build.0 = Debug|Any CPU
		{034019E9-A490-408E-A9EF-456A3A4FF451}.Debug|x86.ActiveCfg = Debug|Any CPU
		{034019E9-A490-408E-A9EF-456A3A4FF451}.Debug|x86.Build.0 = Debug|Any CPU
		{034019E9-A490-408E-A9EF-456A3A4FF451}.Release|Any CPU.ActiveCfg = Release|Any CPU
		{034019E9-A490-408E-A9EF-456A3A4FF451}.Release|Any CPU.Build.0 = Release|Any CPU
		{034019E9-A490-408E-A9EF-456A3A4FF451}.Release|arm64.ActiveCfg = Release|Any CPU
		{034019E9-A490-408E-A9EF-456A3A4FF451}.Release|arm64.Build.0 = Release|Any CPU
		{034019E9-A490-408E-A9EF-456A3A4FF451}.Release|x64.ActiveCfg = Release|Any CPU
		{034019E9-A490-408E-A9EF-456A3A4FF451}.Release|x64.Build.0 = Release|Any CPU
		{034019E9-A490-408E-A9EF-456A3A4FF451}.Release|x86.ActiveCfg = Release|Any CPU
		{034019E9-A490-408E-A9EF-456A3A4FF451}.Release|x86.Build.0 = Release|Any CPU
		{E59BE783-CBCC-4890-AFC3-06CA90416A49}.Debug|Any CPU.ActiveCfg = Debug|Any CPU
		{E59BE783-CBCC-4890-AFC3-06CA90416A49}.Debug|Any CPU.Build.0 = Debug|Any CPU
		{E59BE783-CBCC-4890-AFC3-06CA90416A49}.Debug|arm64.ActiveCfg = Debug|Any CPU
		{E59BE783-CBCC-4890-AFC3-06CA90416A49}.Debug|arm64.Build.0 = Debug|Any CPU
		{E59BE783-CBCC-4890-AFC3-06CA90416A49}.Debug|x64.ActiveCfg = Debug|Any CPU
		{E59BE783-CBCC-4890-AFC3-06CA90416A49}.Debug|x64.Build.0 = Debug|Any CPU
		{E59BE783-CBCC-4890-AFC3-06CA90416A49}.Debug|x86.ActiveCfg = Debug|Any CPU
		{E59BE783-CBCC-4890-AFC3-06CA90416A49}.Debug|x86.Build.0 = Debug|Any CPU
		{E59BE783-CBCC-4890-AFC3-06CA90416A49}.Release|Any CPU.ActiveCfg = Release|Any CPU
		{E59BE783-CBCC-4890-AFC3-06CA90416A49}.Release|Any CPU.Build.0 = Release|Any CPU
		{E59BE783-CBCC-4890-AFC3-06CA90416A49}.Release|arm64.ActiveCfg = Release|Any CPU
		{E59BE783-CBCC-4890-AFC3-06CA90416A49}.Release|arm64.Build.0 = Release|Any CPU
		{E59BE783-CBCC-4890-AFC3-06CA90416A49}.Release|x64.ActiveCfg = Release|Any CPU
		{E59BE783-CBCC-4890-AFC3-06CA90416A49}.Release|x64.Build.0 = Release|Any CPU
		{E59BE783-CBCC-4890-AFC3-06CA90416A49}.Release|x86.ActiveCfg = Release|Any CPU
		{E59BE783-CBCC-4890-AFC3-06CA90416A49}.Release|x86.Build.0 = Release|Any CPU
	EndGlobalSection
	GlobalSection(SolutionProperties) = preSolution
		HideSolutionNode = FALSE
	EndGlobalSection
	GlobalSection(NestedProjects) = preSolution
		{47B12570-9DC3-40FB-9A66-5C3A4741DAE3} = {00CDDD2D-1203-45CC-AF20-A4F225B3840A}
		{9CB54AA0-5202-43FF-BDB3-1184BD830EB7} = {00CDDD2D-1203-45CC-AF20-A4F225B3840A}
		{9E592BB2-A8E3-43C2-8BF6-AF2F481BC255} = {00CDDD2D-1203-45CC-AF20-A4F225B3840A}
		{76C5847E-CF42-4454-96BF-73F029DD8319} = {BA5B13C9-A0FB-40E4-9B83-448D822FBFDB}
		{D768AEC7-B7A1-404A-8775-693BE8B3199B} = {BA5B13C9-A0FB-40E4-9B83-448D822FBFDB}
		{E59BE783-CBCC-4890-AFC3-06CA90416A49} = {BA5B13C9-A0FB-40E4-9B83-448D822FBFDB}
	EndGlobalSection
	GlobalSection(ExtensibilityGlobals) = postSolution
		SolutionGuid = {BC2D9CCD-052A-4E02-847C-B67BCD8A4F62}
	EndGlobalSection
EndGlobal
