
Microsoft Visual Studio Solution File, Format Version 12.00
# Visual Studio Version 17
VisualStudioVersion = 17.11.35303.130
MinimumVisualStudioVersion = 10.0.40219.1
Project("{9A19103F-16F7-4668-BE54-9A1E7A4F7556}") = "Celbridge", "Celbridge\Celbridge.csproj", "{7D07900B-FF3F-470C-AB8A-518A92C11308}"
EndProject
Project("{2150E333-8FDC-42A3-9474-1A3956D46DE8}") = "Tests", "Tests", "{14739552-E08A-4DE6-B159-48D55694E9DF}"
EndProject
Project("{9A19103F-16F7-4668-BE54-9A1E7A4F7556}") = "Celbridge.Tests", "Celbridge.Tests\Celbridge.Tests.csproj", "{19AEEDC6-B06C-4F74-815B-F18AB97C02A0}"
EndProject
Project("{2150E333-8FDC-42A3-9474-1A3956D46DE8}") = "Solution Items", "Solution Items", "{41A71B67-B94B-48A1-9975-2CC623B78CED}"
	ProjectSection(SolutionItems) = preProject
		.gitignore = .gitignore
		Directory.Build.props = Directory.Build.props
		Directory.Build.targets = Directory.Build.targets
		Directory.Packages.props = Directory.Packages.props
		global.json = global.json
	EndProjectSection
EndProject
Project("{2150E333-8FDC-42A3-9474-1A3956D46DE8}") = "CoreServices", "CoreServices", "{CBDD78F8-9AF9-4805-8B33-6CDA18F7E94B}"
EndProject
Project("{9A19103F-16F7-4668-BE54-9A1E7A4F7556}") = "Celbridge.Logging", "CoreServices\Celbridge.Logging\Celbridge.Logging.csproj", "{393D6D74-A69E-4FAD-8F1F-F19CC86576B7}"
EndProject
Project("{9A19103F-16F7-4668-BE54-9A1E7A4F7556}") = "Celbridge.Messaging", "CoreServices\Celbridge.Messaging\Celbridge.Messaging.csproj", "{A60A3D74-C197-4661-984A-506A4562043E}"
EndProject
Project("{9A19103F-16F7-4668-BE54-9A1E7A4F7556}") = "Celbridge.Telemetry", "CoreServices\Celbridge.Telemetry\Celbridge.Telemetry.csproj", "{6AEB8E8A-5BD7-42BD-9CC7-6804F04FFA76}"
EndProject
Project("{9A19103F-16F7-4668-BE54-9A1E7A4F7556}") = "Celbridge.Commands", "CoreServices\Celbridge.Commands\Celbridge.Commands.csproj", "{B8ADC659-F868-41AA-8585-736057679C51}"
EndProject
Project("{9A19103F-16F7-4668-BE54-9A1E7A4F7556}") = "Celbridge.Projects", "CoreServices\Celbridge.Projects\Celbridge.Projects.csproj", "{69546A24-BDC1-43B0-B1D1-34C322E08DEE}"
EndProject
Project("{9A19103F-16F7-4668-BE54-9A1E7A4F7556}") = "Celbridge.Settings", "CoreServices\Celbridge.Settings\Celbridge.Settings.csproj", "{6FEA2F1F-CEAF-4F55-A53F-904BF372C534}"
EndProject
Project("{9A19103F-16F7-4668-BE54-9A1E7A4F7556}") = "Celbridge.UserInterface", "CoreServices\Celbridge.UserInterface\Celbridge.UserInterface.csproj", "{01F82801-6D04-420B-95AC-5437C1194ADD}"
EndProject
Project("{9A19103F-16F7-4668-BE54-9A1E7A4F7556}") = "Celbridge.Utilities", "CoreServices\Celbridge.Utilities\Celbridge.Utilities.csproj", "{51D9271B-E0C9-4231-A498-8F9E6B5AD1E5}"
EndProject
Project("{9A19103F-16F7-4668-BE54-9A1E7A4F7556}") = "Celbridge.Modules", "CoreServices\Celbridge.Modules\Celbridge.Modules.csproj", "{E76E804F-0DF6-476C-9B10-05DEBFBD5086}"
EndProject
Project("{2150E333-8FDC-42A3-9474-1A3956D46DE8}") = "Modules", "Modules", "{C0824544-3370-4309-915C-D12EA7D91482}"
EndProject
Project("{2150E333-8FDC-42A3-9474-1A3956D46DE8}") = "Workspace", "Workspace", "{00D6636E-63D7-4B7C-AEB0-9A433AA10316}"
EndProject
Project("{9A19103F-16F7-4668-BE54-9A1E7A4F7556}") = "Celbridge.Workspace", "Workspace\Celbridge.Workspace\Celbridge.Workspace.csproj", "{26A7ADE4-1563-4B7F-9458-01512D6FB3DB}"
EndProject
Project("{9A19103F-16F7-4668-BE54-9A1E7A4F7556}") = "Celbridge.Status", "Workspace\Celbridge.Status\Celbridge.Status.csproj", "{8E31A08A-FC97-4E4C-9AE8-6ACB07486D6A}"
EndProject
Project("{9A19103F-16F7-4668-BE54-9A1E7A4F7556}") = "Celbridge.Scripting", "Workspace\Celbridge.Scripting\Celbridge.Scripting.csproj", "{97060545-B202-4207-AA24-6A68C59D2F78}"
EndProject
Project("{9A19103F-16F7-4668-BE54-9A1E7A4F7556}") = "Celbridge.Inspector", "Workspace\Celbridge.Inspector\Celbridge.Inspector.csproj", "{E334ACC6-1565-4F77-BBDB-B44933BCD242}"
EndProject
Project("{9A19103F-16F7-4668-BE54-9A1E7A4F7556}") = "Celbridge.GenerativeAI", "Workspace\Celbridge.GenerativeAI\Celbridge.GenerativeAI.csproj", "{5121DFB1-05C4-4641-BE41-B1281A7B225D}"
EndProject
Project("{9A19103F-16F7-4668-BE54-9A1E7A4F7556}") = "Celbridge.Explorer", "Workspace\Celbridge.Explorer\Celbridge.Explorer.csproj", "{979B2A84-FA74-453A-BA41-A189BF109E66}"
EndProject
Project("{9A19103F-16F7-4668-BE54-9A1E7A4F7556}") = "Celbridge.Entities", "Workspace\Celbridge.Entities\Celbridge.Entities.csproj", "{66162968-C62C-48BD-837B-2671F1C8EB52}"
EndProject
Project("{9A19103F-16F7-4668-BE54-9A1E7A4F7556}") = "Celbridge.Documents", "Workspace\Celbridge.Documents\Celbridge.Documents.csproj", "{198CD948-0160-4AB0-AA00-1418C16BE6A4}"
EndProject
Project("{9A19103F-16F7-4668-BE54-9A1E7A4F7556}") = "Celbridge.Console", "Workspace\Celbridge.Console\Celbridge.Console.csproj", "{D610E68A-0D33-4B0C-85B7-7478F94AE06D}"
EndProject
Project("{9A19103F-16F7-4668-BE54-9A1E7A4F7556}") = "Celbridge.Activities", "Workspace\Celbridge.Activities\Celbridge.Activities.csproj", "{DB461244-BEFF-4C91-86E1-5F57A7336361}"
EndProject
Project("{9A19103F-16F7-4668-BE54-9A1E7A4F7556}") = "Celbridge.Screenplay", "Modules\Celbridge.Screenplay\Celbridge.Screenplay.csproj", "{B30CD000-BFBB-455D-B5BF-6995FAC4BF81}"
EndProject
Project("{9A19103F-16F7-4668-BE54-9A1E7A4F7556}") = "Celbridge.Markdown", "Modules\Celbridge.Markdown\Celbridge.Markdown.csproj", "{20345FB4-450A-4D5A-BB88-2A35DEAA3EF0}"
EndProject
Project("{9A19103F-16F7-4668-BE54-9A1E7A4F7556}") = "Celbridge.Core", "Modules\Celbridge.Core\Celbridge.Core.csproj", "{0B45C8C1-3A3B-4824-895B-B02B1A800257}"
EndProject
Project("{2150E333-8FDC-42A3-9474-1A3956D46DE8}") = "BaseLibrary", "BaseLibrary", "{901BDB4C-F3AC-4017-AB91-78A47D8A6F98}"
EndProject
Project("{9A19103F-16F7-4668-BE54-9A1E7A4F7556}") = "Celbridge.BaseLibrary", "BaseLibrary\Celbridge.BaseLibrary.csproj", "{8D964A70-3C2F-48B7-8D71-E72D63510249}"
EndProject
Global
	GlobalSection(SolutionConfigurationPlatforms) = preSolution
		Debug|Any CPU = Debug|Any CPU
		Release|Any CPU = Release|Any CPU
	EndGlobalSection
	GlobalSection(ProjectConfigurationPlatforms) = postSolution
		{7D07900B-FF3F-470C-AB8A-518A92C11308}.Debug|Any CPU.ActiveCfg = Debug|Any CPU
		{7D07900B-FF3F-470C-AB8A-518A92C11308}.Debug|Any CPU.Build.0 = Debug|Any CPU
		{7D07900B-FF3F-470C-AB8A-518A92C11308}.Debug|Any CPU.Deploy.0 = Debug|Any CPU
		{7D07900B-FF3F-470C-AB8A-518A92C11308}.Release|Any CPU.ActiveCfg = Release|Any CPU
		{7D07900B-FF3F-470C-AB8A-518A92C11308}.Release|Any CPU.Build.0 = Release|Any CPU
		{7D07900B-FF3F-470C-AB8A-518A92C11308}.Release|Any CPU.Deploy.0 = Release|Any CPU
		{19AEEDC6-B06C-4F74-815B-F18AB97C02A0}.Debug|Any CPU.ActiveCfg = Debug|Any CPU
		{19AEEDC6-B06C-4F74-815B-F18AB97C02A0}.Debug|Any CPU.Build.0 = Debug|Any CPU
		{19AEEDC6-B06C-4F74-815B-F18AB97C02A0}.Debug|Any CPU.Deploy.0 = Debug|Any CPU
		{19AEEDC6-B06C-4F74-815B-F18AB97C02A0}.Release|Any CPU.ActiveCfg = Release|Any CPU
		{19AEEDC6-B06C-4F74-815B-F18AB97C02A0}.Release|Any CPU.Build.0 = Release|Any CPU
		{19AEEDC6-B06C-4F74-815B-F18AB97C02A0}.Release|Any CPU.Deploy.0 = Release|Any CPU
		{393D6D74-A69E-4FAD-8F1F-F19CC86576B7}.Debug|Any CPU.ActiveCfg = Debug|Any CPU
		{393D6D74-A69E-4FAD-8F1F-F19CC86576B7}.Debug|Any CPU.Build.0 = Debug|Any CPU
		{393D6D74-A69E-4FAD-8F1F-F19CC86576B7}.Release|Any CPU.ActiveCfg = Release|Any CPU
		{393D6D74-A69E-4FAD-8F1F-F19CC86576B7}.Release|Any CPU.Build.0 = Release|Any CPU
		{A60A3D74-C197-4661-984A-506A4562043E}.Debug|Any CPU.ActiveCfg = Debug|Any CPU
		{A60A3D74-C197-4661-984A-506A4562043E}.Debug|Any CPU.Build.0 = Debug|Any CPU
		{A60A3D74-C197-4661-984A-506A4562043E}.Release|Any CPU.ActiveCfg = Release|Any CPU
		{A60A3D74-C197-4661-984A-506A4562043E}.Release|Any CPU.Build.0 = Release|Any CPU
		{6AEB8E8A-5BD7-42BD-9CC7-6804F04FFA76}.Debug|Any CPU.ActiveCfg = Debug|Any CPU
		{6AEB8E8A-5BD7-42BD-9CC7-6804F04FFA76}.Debug|Any CPU.Build.0 = Debug|Any CPU
		{6AEB8E8A-5BD7-42BD-9CC7-6804F04FFA76}.Release|Any CPU.ActiveCfg = Release|Any CPU
		{6AEB8E8A-5BD7-42BD-9CC7-6804F04FFA76}.Release|Any CPU.Build.0 = Release|Any CPU
		{B8ADC659-F868-41AA-8585-736057679C51}.Debug|Any CPU.ActiveCfg = Debug|Any CPU
		{B8ADC659-F868-41AA-8585-736057679C51}.Debug|Any CPU.Build.0 = Debug|Any CPU
		{B8ADC659-F868-41AA-8585-736057679C51}.Release|Any CPU.ActiveCfg = Release|Any CPU
		{B8ADC659-F868-41AA-8585-736057679C51}.Release|Any CPU.Build.0 = Release|Any CPU
		{69546A24-BDC1-43B0-B1D1-34C322E08DEE}.Debug|Any CPU.ActiveCfg = Debug|Any CPU
		{69546A24-BDC1-43B0-B1D1-34C322E08DEE}.Debug|Any CPU.Build.0 = Debug|Any CPU
		{69546A24-BDC1-43B0-B1D1-34C322E08DEE}.Release|Any CPU.ActiveCfg = Release|Any CPU
		{69546A24-BDC1-43B0-B1D1-34C322E08DEE}.Release|Any CPU.Build.0 = Release|Any CPU
		{6FEA2F1F-CEAF-4F55-A53F-904BF372C534}.Debug|Any CPU.ActiveCfg = Debug|Any CPU
		{6FEA2F1F-CEAF-4F55-A53F-904BF372C534}.Debug|Any CPU.Build.0 = Debug|Any CPU
		{6FEA2F1F-CEAF-4F55-A53F-904BF372C534}.Release|Any CPU.ActiveCfg = Release|Any CPU
		{6FEA2F1F-CEAF-4F55-A53F-904BF372C534}.Release|Any CPU.Build.0 = Release|Any CPU
		{01F82801-6D04-420B-95AC-5437C1194ADD}.Debug|Any CPU.ActiveCfg = Debug|Any CPU
		{01F82801-6D04-420B-95AC-5437C1194ADD}.Debug|Any CPU.Build.0 = Debug|Any CPU
		{01F82801-6D04-420B-95AC-5437C1194ADD}.Release|Any CPU.ActiveCfg = Release|Any CPU
		{01F82801-6D04-420B-95AC-5437C1194ADD}.Release|Any CPU.Build.0 = Release|Any CPU
		{51D9271B-E0C9-4231-A498-8F9E6B5AD1E5}.Debug|Any CPU.ActiveCfg = Debug|Any CPU
		{51D9271B-E0C9-4231-A498-8F9E6B5AD1E5}.Debug|Any CPU.Build.0 = Debug|Any CPU
		{51D9271B-E0C9-4231-A498-8F9E6B5AD1E5}.Release|Any CPU.ActiveCfg = Release|Any CPU
		{51D9271B-E0C9-4231-A498-8F9E6B5AD1E5}.Release|Any CPU.Build.0 = Release|Any CPU
		{E76E804F-0DF6-476C-9B10-05DEBFBD5086}.Debug|Any CPU.ActiveCfg = Debug|Any CPU
		{E76E804F-0DF6-476C-9B10-05DEBFBD5086}.Debug|Any CPU.Build.0 = Debug|Any CPU
		{E76E804F-0DF6-476C-9B10-05DEBFBD5086}.Release|Any CPU.ActiveCfg = Release|Any CPU
		{E76E804F-0DF6-476C-9B10-05DEBFBD5086}.Release|Any CPU.Build.0 = Release|Any CPU
		{26A7ADE4-1563-4B7F-9458-01512D6FB3DB}.Debug|Any CPU.ActiveCfg = Debug|Any CPU
		{26A7ADE4-1563-4B7F-9458-01512D6FB3DB}.Debug|Any CPU.Build.0 = Debug|Any CPU
		{26A7ADE4-1563-4B7F-9458-01512D6FB3DB}.Release|Any CPU.ActiveCfg = Release|Any CPU
		{26A7ADE4-1563-4B7F-9458-01512D6FB3DB}.Release|Any CPU.Build.0 = Release|Any CPU
		{8E31A08A-FC97-4E4C-9AE8-6ACB07486D6A}.Debug|Any CPU.ActiveCfg = Debug|Any CPU
		{8E31A08A-FC97-4E4C-9AE8-6ACB07486D6A}.Debug|Any CPU.Build.0 = Debug|Any CPU
		{8E31A08A-FC97-4E4C-9AE8-6ACB07486D6A}.Release|Any CPU.ActiveCfg = Release|Any CPU
		{8E31A08A-FC97-4E4C-9AE8-6ACB07486D6A}.Release|Any CPU.Build.0 = Release|Any CPU
		{97060545-B202-4207-AA24-6A68C59D2F78}.Debug|Any CPU.ActiveCfg = Debug|Any CPU
		{97060545-B202-4207-AA24-6A68C59D2F78}.Debug|Any CPU.Build.0 = Debug|Any CPU
		{97060545-B202-4207-AA24-6A68C59D2F78}.Release|Any CPU.ActiveCfg = Release|Any CPU
		{97060545-B202-4207-AA24-6A68C59D2F78}.Release|Any CPU.Build.0 = Release|Any CPU
		{E334ACC6-1565-4F77-BBDB-B44933BCD242}.Debug|Any CPU.ActiveCfg = Debug|Any CPU
		{E334ACC6-1565-4F77-BBDB-B44933BCD242}.Debug|Any CPU.Build.0 = Debug|Any CPU
		{E334ACC6-1565-4F77-BBDB-B44933BCD242}.Release|Any CPU.ActiveCfg = Release|Any CPU
		{E334ACC6-1565-4F77-BBDB-B44933BCD242}.Release|Any CPU.Build.0 = Release|Any CPU
		{5121DFB1-05C4-4641-BE41-B1281A7B225D}.Debug|Any CPU.ActiveCfg = Debug|Any CPU
		{5121DFB1-05C4-4641-BE41-B1281A7B225D}.Debug|Any CPU.Build.0 = Debug|Any CPU
		{5121DFB1-05C4-4641-BE41-B1281A7B225D}.Release|Any CPU.ActiveCfg = Release|Any CPU
		{5121DFB1-05C4-4641-BE41-B1281A7B225D}.Release|Any CPU.Build.0 = Release|Any CPU
		{979B2A84-FA74-453A-BA41-A189BF109E66}.Debug|Any CPU.ActiveCfg = Debug|Any CPU
		{979B2A84-FA74-453A-BA41-A189BF109E66}.Debug|Any CPU.Build.0 = Debug|Any CPU
		{979B2A84-FA74-453A-BA41-A189BF109E66}.Release|Any CPU.ActiveCfg = Release|Any CPU
		{979B2A84-FA74-453A-BA41-A189BF109E66}.Release|Any CPU.Build.0 = Release|Any CPU
		{66162968-C62C-48BD-837B-2671F1C8EB52}.Debug|Any CPU.ActiveCfg = Debug|Any CPU
		{66162968-C62C-48BD-837B-2671F1C8EB52}.Debug|Any CPU.Build.0 = Debug|Any CPU
		{66162968-C62C-48BD-837B-2671F1C8EB52}.Release|Any CPU.ActiveCfg = Release|Any CPU
		{66162968-C62C-48BD-837B-2671F1C8EB52}.Release|Any CPU.Build.0 = Release|Any CPU
		{198CD948-0160-4AB0-AA00-1418C16BE6A4}.Debug|Any CPU.ActiveCfg = Debug|Any CPU
		{198CD948-0160-4AB0-AA00-1418C16BE6A4}.Debug|Any CPU.Build.0 = Debug|Any CPU
		{198CD948-0160-4AB0-AA00-1418C16BE6A4}.Release|Any CPU.ActiveCfg = Release|Any CPU
		{198CD948-0160-4AB0-AA00-1418C16BE6A4}.Release|Any CPU.Build.0 = Release|Any CPU
		{D610E68A-0D33-4B0C-85B7-7478F94AE06D}.Debug|Any CPU.ActiveCfg = Debug|Any CPU
		{D610E68A-0D33-4B0C-85B7-7478F94AE06D}.Debug|Any CPU.Build.0 = Debug|Any CPU
		{D610E68A-0D33-4B0C-85B7-7478F94AE06D}.Release|Any CPU.ActiveCfg = Release|Any CPU
		{D610E68A-0D33-4B0C-85B7-7478F94AE06D}.Release|Any CPU.Build.0 = Release|Any CPU
		{DB461244-BEFF-4C91-86E1-5F57A7336361}.Debug|Any CPU.ActiveCfg = Debug|Any CPU
		{DB461244-BEFF-4C91-86E1-5F57A7336361}.Debug|Any CPU.Build.0 = Debug|Any CPU
		{DB461244-BEFF-4C91-86E1-5F57A7336361}.Release|Any CPU.ActiveCfg = Release|Any CPU
		{DB461244-BEFF-4C91-86E1-5F57A7336361}.Release|Any CPU.Build.0 = Release|Any CPU
		{B30CD000-BFBB-455D-B5BF-6995FAC4BF81}.Debug|Any CPU.ActiveCfg = Debug|Any CPU
		{B30CD000-BFBB-455D-B5BF-6995FAC4BF81}.Debug|Any CPU.Build.0 = Debug|Any CPU
		{B30CD000-BFBB-455D-B5BF-6995FAC4BF81}.Release|Any CPU.ActiveCfg = Release|Any CPU
		{B30CD000-BFBB-455D-B5BF-6995FAC4BF81}.Release|Any CPU.Build.0 = Release|Any CPU
		{20345FB4-450A-4D5A-BB88-2A35DEAA3EF0}.Debug|Any CPU.ActiveCfg = Debug|Any CPU
		{20345FB4-450A-4D5A-BB88-2A35DEAA3EF0}.Debug|Any CPU.Build.0 = Debug|Any CPU
		{20345FB4-450A-4D5A-BB88-2A35DEAA3EF0}.Release|Any CPU.ActiveCfg = Release|Any CPU
		{20345FB4-450A-4D5A-BB88-2A35DEAA3EF0}.Release|Any CPU.Build.0 = Release|Any CPU
		{0B45C8C1-3A3B-4824-895B-B02B1A800257}.Debug|Any CPU.ActiveCfg = Debug|Any CPU
		{0B45C8C1-3A3B-4824-895B-B02B1A800257}.Debug|Any CPU.Build.0 = Debug|Any CPU
		{0B45C8C1-3A3B-4824-895B-B02B1A800257}.Release|Any CPU.ActiveCfg = Release|Any CPU
		{0B45C8C1-3A3B-4824-895B-B02B1A800257}.Release|Any CPU.Build.0 = Release|Any CPU
		{8D964A70-3C2F-48B7-8D71-E72D63510249}.Debug|Any CPU.ActiveCfg = Debug|Any CPU
		{8D964A70-3C2F-48B7-8D71-E72D63510249}.Debug|Any CPU.Build.0 = Debug|Any CPU
		{8D964A70-3C2F-48B7-8D71-E72D63510249}.Release|Any CPU.ActiveCfg = Release|Any CPU
		{8D964A70-3C2F-48B7-8D71-E72D63510249}.Release|Any CPU.Build.0 = Release|Any CPU
	EndGlobalSection
	GlobalSection(SolutionProperties) = preSolution
		HideSolutionNode = FALSE
	EndGlobalSection
	GlobalSection(NestedProjects) = preSolution
		{19AEEDC6-B06C-4F74-815B-F18AB97C02A0} = {14739552-E08A-4DE6-B159-48D55694E9DF}
		{393D6D74-A69E-4FAD-8F1F-F19CC86576B7} = {CBDD78F8-9AF9-4805-8B33-6CDA18F7E94B}
		{A60A3D74-C197-4661-984A-506A4562043E} = {CBDD78F8-9AF9-4805-8B33-6CDA18F7E94B}
		{6AEB8E8A-5BD7-42BD-9CC7-6804F04FFA76} = {CBDD78F8-9AF9-4805-8B33-6CDA18F7E94B}
		{B8ADC659-F868-41AA-8585-736057679C51} = {CBDD78F8-9AF9-4805-8B33-6CDA18F7E94B}
		{69546A24-BDC1-43B0-B1D1-34C322E08DEE} = {CBDD78F8-9AF9-4805-8B33-6CDA18F7E94B}
		{6FEA2F1F-CEAF-4F55-A53F-904BF372C534} = {CBDD78F8-9AF9-4805-8B33-6CDA18F7E94B}
		{01F82801-6D04-420B-95AC-5437C1194ADD} = {CBDD78F8-9AF9-4805-8B33-6CDA18F7E94B}
		{51D9271B-E0C9-4231-A498-8F9E6B5AD1E5} = {CBDD78F8-9AF9-4805-8B33-6CDA18F7E94B}
		{E76E804F-0DF6-476C-9B10-05DEBFBD5086} = {CBDD78F8-9AF9-4805-8B33-6CDA18F7E94B}
		{26A7ADE4-1563-4B7F-9458-01512D6FB3DB} = {00D6636E-63D7-4B7C-AEB0-9A433AA10316}
		{8E31A08A-FC97-4E4C-9AE8-6ACB07486D6A} = {00D6636E-63D7-4B7C-AEB0-9A433AA10316}
		{97060545-B202-4207-AA24-6A68C59D2F78} = {00D6636E-63D7-4B7C-AEB0-9A433AA10316}
		{E334ACC6-1565-4F77-BBDB-B44933BCD242} = {00D6636E-63D7-4B7C-AEB0-9A433AA10316}
		{5121DFB1-05C4-4641-BE41-B1281A7B225D} = {00D6636E-63D7-4B7C-AEB0-9A433AA10316}
		{979B2A84-FA74-453A-BA41-A189BF109E66} = {00D6636E-63D7-4B7C-AEB0-9A433AA10316}
		{66162968-C62C-48BD-837B-2671F1C8EB52} = {00D6636E-63D7-4B7C-AEB0-9A433AA10316}
		{198CD948-0160-4AB0-AA00-1418C16BE6A4} = {00D6636E-63D7-4B7C-AEB0-9A433AA10316}
		{D610E68A-0D33-4B0C-85B7-7478F94AE06D} = {00D6636E-63D7-4B7C-AEB0-9A433AA10316}
		{DB461244-BEFF-4C91-86E1-5F57A7336361} = {00D6636E-63D7-4B7C-AEB0-9A433AA10316}
		{B30CD000-BFBB-455D-B5BF-6995FAC4BF81} = {C0824544-3370-4309-915C-D12EA7D91482}
		{20345FB4-450A-4D5A-BB88-2A35DEAA3EF0} = {C0824544-3370-4309-915C-D12EA7D91482}
		{0B45C8C1-3A3B-4824-895B-B02B1A800257} = {C0824544-3370-4309-915C-D12EA7D91482}
		{8D964A70-3C2F-48B7-8D71-E72D63510249} = {901BDB4C-F3AC-4017-AB91-78A47D8A6F98}
	EndGlobalSection
	GlobalSection(ExtensibilityGlobals) = postSolution
		SolutionGuid = {695F2378-3B43-4460-9FB8-6D27C121D85D}
	EndGlobalSection
EndGlobal
